Microsoft Visual Studio Solution File, Format Version 8.00
Project("{8BC9CEB8-8B4A-11D0-8D11-00A0C91BC942}") = "crypt", "ufc-crypt\crypt.vcproj", "{91F671E4-7F2F-4F32-B905-A5A6D1622B9F}"
	ProjectSection(ProjectDependencies) = postProject
	EndProjectSection
EndProject
Project("{8BC9CEB8-8B4A-11D0-8D11-00A0C91BC942}") = "cvsnt", "cvsnt.vcproj", "{43B8C2B3-0526-4121-91F8-F218ABC1D0C2}"
	ProjectSection(ProjectDependencies) = postProject
		{AFF96908-CC5E-40D2-94FC-78090D420832} = {AFF96908-CC5E-40D2-94FC-78090D420832}
		{D3CE7E0C-BA79-46DD-A495-6C14E38A9D87} = {D3CE7E0C-BA79-46DD-A495-6C14E38A9D87}
		{6F2B0E0E-C526-471D-9252-D325C5BAB036} = {6F2B0E0E-C526-471D-9252-D325C5BAB036}
		{FE571818-1B67-41FB-B49D-850D650CF661} = {FE571818-1B67-41FB-B49D-850D650CF661}
		{1D73B118-7B9C-4B1B-A9AF-E386B35C4EE1} = {1D73B118-7B9C-4B1B-A9AF-E386B35C4EE1}
		{B927591E-977E-41E9-A2A1-C701F39E426A} = {B927591E-977E-41E9-A2A1-C701F39E426A}
		{E066EF1F-0DD5-4338-ABC9-C413A556AB0F} = {E066EF1F-0DD5-4338-ABC9-C413A556AB0F}
		{03C78F20-271D-4E1B-8440-255E4B2939F3} = {03C78F20-271D-4E1B-8440-255E4B2939F3}
		{4AD8AB20-D822-44E2-AEC1-E870140D254A} = {4AD8AB20-D822-44E2-AEC1-E870140D254A}
		{2F90C820-CD6E-4BA2-A6A1-339147E508AA} = {2F90C820-CD6E-4BA2-A6A1-339147E508AA}
		{ADC6AA27-C931-4C72-934B-7C3E81929F07} = {ADC6AA27-C931-4C72-934B-7C3E81929F07}
		{3C61DD27-F69A-4444-A848-A3D98F22DCA8} = {3C61DD27-F69A-4444-A848-A3D98F22DCA8}
		{F624DF2B-5C4C-4FB6-B793-C06C96992589} = {F624DF2B-5C4C-4FB6-B793-C06C96992589}
		{A23EC62C-E9C4-4145-B953-90D533CDF47B} = {A23EC62C-E9C4-4145-B953-90D533CDF47B}
		{2B05202E-5DD0-4543-99B9-188A23E8139D} = {2B05202E-5DD0-4543-99B9-188A23E8139D}
		{5CD43033-B004-4886-8E4D-3A622A7AD677} = {5CD43033-B004-4886-8E4D-3A622A7AD677}
		{5CD43033-B004-4886-8E4D-3A622A7AD677} = {5CD43033-B004-4886-8E4D-3A622A7AD677}
		{E55F4833-F513-4F88-89AB-BCC2E39F81D8} = {E55F4833-F513-4F88-89AB-BCC2E39F81D8}
		{25226834-3D40-47AC-8E05-17A8A7AF1773} = {25226834-3D40-47AC-8E05-17A8A7AF1773}
		{5D49CC40-A394-4779-95E4-578B243E0FA3} = {5D49CC40-A394-4779-95E4-578B243E0FA3}
		{C2CD3641-0F72-4C10-852B-CAA694D28E86} = {C2CD3641-0F72-4C10-852B-CAA694D28E86}
		{5D695560-5DD9-4EF5-9B2E-D609D1A05324} = {5D695560-5DD9-4EF5-9B2E-D609D1A05324}
		{CCE61C64-AC44-40E2-8E75-034C8F60834F} = {CCE61C64-AC44-40E2-8E75-034C8F60834F}
		{00725064-BF63-4724-9FB4-740EABE62CEC} = {00725064-BF63-4724-9FB4-740EABE62CEC}
		{61D75468-3718-47EE-BF14-7B1CA51BBAD6} = {61D75468-3718-47EE-BF14-7B1CA51BBAD6}
		{A5EFF26A-60FC-42D4-AB5C-E4159E5672AE} = {A5EFF26A-60FC-42D4-AB5C-E4159E5672AE}
		{44F87A6B-B243-4961-9236-2498E4695331} = {44F87A6B-B243-4961-9236-2498E4695331}
		{A6BB2070-E9A8-442C-BC75-577EEE7382BA} = {A6BB2070-E9A8-442C-BC75-577EEE7382BA}
		{BCF71D75-2C0F-4B0F-967E-20D2EE52AB08} = {BCF71D75-2C0F-4B0F-967E-20D2EE52AB08}
		{44D20481-5119-4D1B-A194-A7B5AEF9C23C} = {44D20481-5119-4D1B-A194-A7B5AEF9C23C}
		{D8FDB582-57E3-40DE-9F35-9764EB1E4148} = {D8FDB582-57E3-40DE-9F35-9764EB1E4148}
		{E634DE84-6C6C-4111-90AF-CC9EE0BE9EC9} = {E634DE84-6C6C-4111-90AF-CC9EE0BE9EC9}
		{68D18485-174E-46BB-A1FC-132DDCCC2EE0} = {68D18485-174E-46BB-A1FC-132DDCCC2EE0}
		{7B67F987-4BBB-4FD4-B537-77BF79ABD04F} = {7B67F987-4BBB-4FD4-B537-77BF79ABD04F}
		{F6DC1E90-8EFC-4D11-8D44-DAD00CF734DA} = {F6DC1E90-8EFC-4D11-8D44-DAD00CF734DA}
		{A8630794-5C8B-4B7F-AF1B-DF12FD6C397F} = {A8630794-5C8B-4B7F-AF1B-DF12FD6C397F}
		{5F0B4A94-9332-45D5-881E-F9F4C4CD03F6} = {5F0B4A94-9332-45D5-881E-F9F4C4CD03F6}
		{543E4395-6BA3-47FE-862D-7D5D27B83D2A} = {543E4395-6BA3-47FE-862D-7D5D27B83D2A}
		{32F96195-E679-4DE4-8B8B-27D2A3CE1014} = {32F96195-E679-4DE4-8B8B-27D2A3CE1014}
		{EDF87796-6F09-4C8A-8202-77ADDB81284B} = {EDF87796-6F09-4C8A-8202-77ADDB81284B}
		{6FED639C-5FE8-4FDF-ABE8-F720947AC9A1} = {6FED639C-5FE8-4FDF-ABE8-F720947AC9A1}
		{9E7B849C-CB9C-499B-B2B2-ECA70C5784D2} = {9E7B849C-CB9C-499B-B2B2-ECA70C5784D2}
		{47F23DA3-701E-4773-9231-781E6FFF3CCA} = {47F23DA3-701E-4773-9231-781E6FFF3CCA}
		{45866BA8-03B2-40FC-9CA5-1BB7A17B10A1} = {45866BA8-03B2-40FC-9CA5-1BB7A17B10A1}
		{433007AA-2C03-481D-B56B-5FA6840D343D} = {433007AA-2C03-481D-B56B-5FA6840D343D}
		{433007AA-2C03-481D-B56B-5FA6840D343D} = {433007AA-2C03-481D-B56B-5FA6840D343D}
		{433007AA-2C03-481D-B56B-5FA6840D343D} = {433007AA-2C03-481D-B56B-5FA6840D343D}
		{433007AA-2C03-481D-B56B-5FA6840D343D} = {433007AA-2C03-481D-B56B-5FA6840D343D}
		{433007AA-2C03-481D-B56B-5FA6840D343D} = {433007AA-2C03-481D-B56B-5FA6840D343D}
		{433007AA-2C03-481D-B56B-5FA6840D343D} = {433007AA-2C03-481D-B56B-5FA6840D343D}
		{433007AA-2C03-481D-B56B-5FA6840D343D} = {433007AA-2C03-481D-B56B-5FA6840D343D}
		{433007AA-2C03-481D-B56B-5FA6840D343D} = {433007AA-2C03-481D-B56B-5FA6840D343D}
		{433007AA-2C03-481D-B56B-5FA6840D343D} = {433007AA-2C03-481D-B56B-5FA6840D343D}
		{433007AA-2C03-481D-B56B-5FA6840D343D} = {433007AA-2C03-481D-B56B-5FA6840D343D}
		{433007AA-2C03-481D-B56B-5FA6840D343D} = {433007AA-2C03-481D-B56B-5FA6840D343D}
		{433007AA-2C03-481D-B56B-5FA6840D343D} = {433007AA-2C03-481D-B56B-5FA6840D343D}
		{433007AA-2C03-481D-B56B-5FA6840D343D} = {433007AA-2C03-481D-B56B-5FA6840D343D}
		{433007AA-2C03-481D-B56B-5FA6840D343D} = {433007AA-2C03-481D-B56B-5FA6840D343D}
		{433007AA-2C03-481D-B56B-5FA6840D343D} = {433007AA-2C03-481D-B56B-5FA6840D343D}
		{433007AA-2C03-481D-B56B-5FA6840D343D} = {433007AA-2C03-481D-B56B-5FA6840D343D}
		{433007AA-2C03-481D-B56B-5FA6840D343D} = {433007AA-2C03-481D-B56B-5FA6840D343D}
		{433007AA-2C03-481D-B56B-5FA6840D343D} = {433007AA-2C03-481D-B56B-5FA6840D343D}
		{433007AA-2C03-481D-B56B-5FA6840D343D} = {433007AA-2C03-481D-B56B-5FA6840D343D}
		{433007AA-2C03-481D-B56B-5FA6840D343D} = {433007AA-2C03-481D-B56B-5FA6840D343D}
		{433007AA-2C03-481D-B56B-5FA6840D343D} = {433007AA-2C03-481D-B56B-5FA6840D343D}
		{433007AA-2C03-481D-B56B-5FA6840D343D} = {433007AA-2C03-481D-B56B-5FA6840D343D}
		{433007AA-2C03-481D-B56B-5FA6840D343D} = {433007AA-2C03-481D-B56B-5FA6840D343D}
		{433007AA-2C03-481D-B56B-5FA6840D343D} = {433007AA-2C03-481D-B56B-5FA6840D343D}
		{433007AA-2C03-481D-B56B-5FA6840D343D} = {433007AA-2C03-481D-B56B-5FA6840D343D}
		{433007AA-2C03-481D-B56B-5FA6840D343D} = {433007AA-2C03-481D-B56B-5FA6840D343D}
		{433007AA-2C03-481D-B56B-5FA6840D343D} = {433007AA-2C03-481D-B56B-5FA6840D343D}
		{433007AA-2C03-481D-B56B-5FA6840D343D} = {433007AA-2C03-481D-B56B-5FA6840D343D}
		{433007AA-2C03-481D-B56B-5FA6840D343D} = {433007AA-2C03-481D-B56B-5FA6840D343D}
		{433007AA-2C03-481D-B56B-5FA6840D343D} = {433007AA-2C03-481D-B56B-5FA6840D343D}
		{433007AA-2C03-481D-B56B-5FA6840D343D} = {433007AA-2C03-481D-B56B-5FA6840D343D}
		{433007AA-2C03-481D-B56B-5FA6840D343D} = {433007AA-2C03-481D-B56B-5FA6840D343D}
		{433007AA-2C03-481D-B56B-5FA6840D343D} = {433007AA-2C03-481D-B56B-5FA6840D343D}
		{433007AA-2C03-481D-B56B-5FA6840D343D} = {433007AA-2C03-481D-B56B-5FA6840D343D}
		{433007AA-2C03-481D-B56B-5FA6840D343D} = {433007AA-2C03-481D-B56B-5FA6840D343D}
		{433007AA-2C03-481D-B56B-5FA6840D343D} = {433007AA-2C03-481D-B56B-5FA6840D343D}
		{433007AA-2C03-481D-B56B-5FA6840D343D} = {433007AA-2C03-481D-B56B-5FA6840D343D}
		{433007AA-2C03-481D-B56B-5FA6840D343D} = {433007AA-2C03-481D-B56B-5FA6840D343D}
		{433007AA-2C03-481D-B56B-5FA6840D343D} = {433007AA-2C03-481D-B56B-5FA6840D343D}
		{433007AA-2C03-481D-B56B-5FA6840D343D} = {433007AA-2C03-481D-B56B-5FA6840D343D}
		{433007AA-2C03-481D-B56B-5FA6840D343D} = {433007AA-2C03-481D-B56B-5FA6840D343D}
		{433007AA-2C03-481D-B56B-5FA6840D343D} = {433007AA-2C03-481D-B56B-5FA6840D343D}
		{433007AA-2C03-481D-B56B-5FA6840D343D} = {433007AA-2C03-481D-B56B-5FA6840D343D}
		{433007AA-2C03-481D-B56B-5FA6840D343D} = {433007AA-2C03-481D-B56B-5FA6840D343D}
		{433007AA-2C03-481D-B56B-5FA6840D343D} = {433007AA-2C03-481D-B56B-5FA6840D343D}
		{433007AA-2C03-481D-B56B-5FA6840D343D} = {433007AA-2C03-481D-B56B-5FA6840D343D}
		{433007AA-2C03-481D-B56B-5FA6840D343D} = {433007AA-2C03-481D-B56B-5FA6840D343D}
		{433007AA-2C03-481D-B56B-5FA6840D343D} = {433007AA-2C03-481D-B56B-5FA6840D343D}
		{433007AA-2C03-481D-B56B-5FA6840D343D} = {433007AA-2C03-481D-B56B-5FA6840D343D}
		{433007AA-2C03-481D-B56B-5FA6840D343D} = {433007AA-2C03-481D-B56B-5FA6840D343D}
		{433007AA-2C03-481D-B56B-5FA6840D343D} = {433007AA-2C03-481D-B56B-5FA6840D343D}
		{C69895B2-28E6-4E13-BC48-D4BAED3DCC5A} = {C69895B2-28E6-4E13-BC48-D4BAED3DCC5A}
		{C69895B2-28E6-4E13-BC48-D4BAED3DCC5A} = {C69895B2-28E6-4E13-BC48-D4BAED3DCC5A}
		{C69895B2-28E6-4E13-BC48-D4BAED3DCC5A} = {C69895B2-28E6-4E13-BC48-D4BAED3DCC5A}
		{C69895B2-28E6-4E13-BC48-D4BAED3DCC5A} = {C69895B2-28E6-4E13-BC48-D4BAED3DCC5A}
		{C69895B2-28E6-4E13-BC48-D4BAED3DCC5A} = {C69895B2-28E6-4E13-BC48-D4BAED3DCC5A}
		{C69895B2-28E6-4E13-BC48-D4BAED3DCC5A} = {C69895B2-28E6-4E13-BC48-D4BAED3DCC5A}
		{C69895B2-28E6-4E13-BC48-D4BAED3DCC5A} = {C69895B2-28E6-4E13-BC48-D4BAED3DCC5A}
		{C69895B2-28E6-4E13-BC48-D4BAED3DCC5A} = {C69895B2-28E6-4E13-BC48-D4BAED3DCC5A}
		{FABD4AB4-2B79-476C-8A28-EA9406AFFB15} = {FABD4AB4-2B79-476C-8A28-EA9406AFFB15}
		{3623B3B4-90A1-4FC4-B0C3-98580C2A69DA} = {3623B3B4-90A1-4FC4-B0C3-98580C2A69DA}
		{A87170B9-C98D-49B1-A54F-EE38DDAFA1DF} = {A87170B9-C98D-49B1-A54F-EE38DDAFA1DF}
		{2897B8BC-72AC-4F22-8443-EB5CAAD67BFB} = {2897B8BC-72AC-4F22-8443-EB5CAAD67BFB}
		{2C1A99CD-4854-4064-9484-F1EB57F366E5} = {2C1A99CD-4854-4064-9484-F1EB57F366E5}
		{2C1A99CD-4854-4064-9484-F1EB57F366E5} = {2C1A99CD-4854-4064-9484-F1EB57F366E5}
		{6674B4DB-2A9A-4D36-B1B6-38796B6D4689} = {6674B4DB-2A9A-4D36-B1B6-38796B6D4689}
		{6674B4DB-2A9A-4D36-B1B6-38796B6D4689} = {6674B4DB-2A9A-4D36-B1B6-38796B6D4689}
		{91F671E4-7F2F-4F32-B905-A5A6D1622B9F} = {91F671E4-7F2F-4F32-B905-A5A6D1622B9F}
		{91F671E4-7F2F-4F32-B905-A5A6D1622B9F} = {91F671E4-7F2F-4F32-B905-A5A6D1622B9F}
		{530EC8E4-2422-45EE-9289-0091A4E8E083} = {530EC8E4-2422-45EE-9289-0091A4E8E083}
		{CE1BF5E4-822E-49BB-ACD6-3251CE7D0B67} = {CE1BF5E4-822E-49BB-ACD6-3251CE7D0B67}
		{84E063F1-80EF-432B-93A3-90C3159F16DE} = {84E063F1-80EF-432B-93A3-90C3159F16DE}
		{EC35C4F3-4DC4-4B87-B884-9DAAA8398BD8} = {EC35C4F3-4DC4-4B87-B884-9DAAA8398BD8}
		{C05BD8F3-7197-4B4B-9DFE-EB014490F51C} = {C05BD8F3-7197-4B4B-9DFE-EB014490F51C}
		{EF4BB4FE-7E5C-462A-A5AC-F6D17BCF7A07} = {EF4BB4FE-7E5C-462A-A5AC-F6D17BCF7A07}
	EndProjectSection
EndProject
Project("{8BC9CEB8-8B4A-11D0-8D11-00A0C91BC942}") = "cvsservice", "cvsservice\cvsservice.vcproj", "{F6DC1E90-8EFC-4D11-8D44-DAD00CF734DA}"
	ProjectSection(ProjectDependencies) = postProject
		{BCF71D75-2C0F-4B0F-967E-20D2EE52AB08} = {BCF71D75-2C0F-4B0F-967E-20D2EE52AB08}
		{E634DE84-6C6C-4111-90AF-CC9EE0BE9EC9} = {E634DE84-6C6C-4111-90AF-CC9EE0BE9EC9}
		{5F0B4A94-9332-45D5-881E-F9F4C4CD03F6} = {5F0B4A94-9332-45D5-881E-F9F4C4CD03F6}
	EndProjectSection
EndProject
Project("{8BC9CEB8-8B4A-11D0-8D11-00A0C91BC942}") = "ext_protocol", "protocols\ext_protocol.vcproj", "{00725064-BF63-4724-9FB4-740EABE62CEC}"
	ProjectSection(ProjectDependencies) = postProject
		{BCF71D75-2C0F-4B0F-967E-20D2EE52AB08} = {BCF71D75-2C0F-4B0F-967E-20D2EE52AB08}
		{5F0B4A94-9332-45D5-881E-F9F4C4CD03F6} = {5F0B4A94-9332-45D5-881E-F9F4C4CD03F6}
	EndProjectSection
EndProject
Project("{8BC9CEB8-8B4A-11D0-8D11-00A0C91BC942}") = "fork_protocol", "protocols\fork_protocol.vcproj", "{5D695560-5DD9-4EF5-9B2E-D609D1A05324}"
	ProjectSection(ProjectDependencies) = postProject
		{BCF71D75-2C0F-4B0F-967E-20D2EE52AB08} = {BCF71D75-2C0F-4B0F-967E-20D2EE52AB08}
		{5F0B4A94-9332-45D5-881E-F9F4C4CD03F6} = {5F0B4A94-9332-45D5-881E-F9F4C4CD03F6}
	EndProjectSection
EndProject
Project("{8BC9CEB8-8B4A-11D0-8D11-00A0C91BC942}") = "libdiff", "diff\libdiff.vcproj", "{5CD43033-B004-4886-8E4D-3A622A7AD677}"
	ProjectSection(ProjectDependencies) = postProject
		{2B05202E-5DD0-4543-99B9-188A23E8139D} = {2B05202E-5DD0-4543-99B9-188A23E8139D}
		{BCF71D75-2C0F-4B0F-967E-20D2EE52AB08} = {BCF71D75-2C0F-4B0F-967E-20D2EE52AB08}
	EndProjectSection
EndProject
Project("{8BC9CEB8-8B4A-11D0-8D11-00A0C91BC942}") = "postinst", "postinst\postinst.vcproj", "{E55F4833-F513-4F88-89AB-BCC2E39F81D8}"
	ProjectSection(ProjectDependencies) = postProject
	EndProjectSection
EndProject
Project("{8BC9CEB8-8B4A-11D0-8D11-00A0C91BC942}") = "pserver_protocol", "protocols\pserver_protocol.vcproj", "{68D18485-174E-46BB-A1FC-132DDCCC2EE0}"
	ProjectSection(ProjectDependencies) = postProject
		{BCF71D75-2C0F-4B0F-967E-20D2EE52AB08} = {BCF71D75-2C0F-4B0F-967E-20D2EE52AB08}
		{5F0B4A94-9332-45D5-881E-F9F4C4CD03F6} = {5F0B4A94-9332-45D5-881E-F9F4C4CD03F6}
	EndProjectSection
EndProject
Project("{8BC9CEB8-8B4A-11D0-8D11-00A0C91BC942}") = "sspi_protocol", "protocols\sspi_protocol.vcproj", "{AFF96908-CC5E-40D2-94FC-78090D420832}"
	ProjectSection(ProjectDependencies) = postProject
		{BCF71D75-2C0F-4B0F-967E-20D2EE52AB08} = {BCF71D75-2C0F-4B0F-967E-20D2EE52AB08}
		{5F0B4A94-9332-45D5-881E-F9F4C4CD03F6} = {5F0B4A94-9332-45D5-881E-F9F4C4CD03F6}
		{C69895B2-28E6-4E13-BC48-D4BAED3DCC5A} = {C69895B2-28E6-4E13-BC48-D4BAED3DCC5A}
	EndProjectSection
EndProject
Project("{8BC9CEB8-8B4A-11D0-8D11-00A0C91BC942}") = "cvsntcpl", "cvsntcpl\cvsntcpl.vcproj", "{EC35C4F3-4DC4-4B87-B884-9DAAA8398BD8}"
	ProjectSection(ProjectDependencies) = postProject
		{BCF71D75-2C0F-4B0F-967E-20D2EE52AB08} = {BCF71D75-2C0F-4B0F-967E-20D2EE52AB08}
		{E634DE84-6C6C-4111-90AF-CC9EE0BE9EC9} = {E634DE84-6C6C-4111-90AF-CC9EE0BE9EC9}
		{F6DC1E90-8EFC-4D11-8D44-DAD00CF734DA} = {F6DC1E90-8EFC-4D11-8D44-DAD00CF734DA}
		{5F0B4A94-9332-45D5-881E-F9F4C4CD03F6} = {5F0B4A94-9332-45D5-881E-F9F4C4CD03F6}
	EndProjectSection
EndProject
Project("{8BC9CEB8-8B4A-11D0-8D11-00A0C91BC942}") = "lockservice", "lockservice\lockservice.vcproj", "{44F87A6B-B243-4961-9236-2498E4695331}"
	ProjectSection(ProjectDependencies) = postProject
		{BCF71D75-2C0F-4B0F-967E-20D2EE52AB08} = {BCF71D75-2C0F-4B0F-967E-20D2EE52AB08}
		{E634DE84-6C6C-4111-90AF-CC9EE0BE9EC9} = {E634DE84-6C6C-4111-90AF-CC9EE0BE9EC9}
		{F6DC1E90-8EFC-4D11-8D44-DAD00CF734DA} = {F6DC1E90-8EFC-4D11-8D44-DAD00CF734DA}
		{5F0B4A94-9332-45D5-881E-F9F4C4CD03F6} = {5F0B4A94-9332-45D5-881E-F9F4C4CD03F6}
	EndProjectSection
EndProject
Project("{8BC9CEB8-8B4A-11D0-8D11-00A0C91BC942}") = "gserver_protocol", "protocols\gserver_protocol_ad.vcproj", "{C05BD8F3-7197-4B4B-9DFE-EB014490F51C}"
	ProjectSection(ProjectDependencies) = postProject
		{BCF71D75-2C0F-4B0F-967E-20D2EE52AB08} = {BCF71D75-2C0F-4B0F-967E-20D2EE52AB08}
		{44D20481-5119-4D1B-A194-A7B5AEF9C23C} = {44D20481-5119-4D1B-A194-A7B5AEF9C23C}
		{5F0B4A94-9332-45D5-881E-F9F4C4CD03F6} = {5F0B4A94-9332-45D5-881E-F9F4C4CD03F6}
	EndProjectSection
EndProject
Project("{8BC9CEB8-8B4A-11D0-8D11-00A0C91BC942}") = "gss-ad", "windows-NT\gss-ad\gss-ad.vcproj", "{44D20481-5119-4D1B-A194-A7B5AEF9C23C}"
	ProjectSection(ProjectDependencies) = postProject
	EndProjectSection
EndProject
Project("{8BC9CEB8-8B4A-11D0-8D11-00A0C91BC942}") = "server_protocol", "protocols\server_protocol.vcproj", "{6FED639C-5FE8-4FDF-ABE8-F720947AC9A1}"
	ProjectSection(ProjectDependencies) = postProject
		{BCF71D75-2C0F-4B0F-967E-20D2EE52AB08} = {BCF71D75-2C0F-4B0F-967E-20D2EE52AB08}
		{5F0B4A94-9332-45D5-881E-F9F4C4CD03F6} = {5F0B4A94-9332-45D5-881E-F9F4C4CD03F6}
	EndProjectSection
EndProject
Project("{8BC9CEB8-8B4A-11D0-8D11-00A0C91BC942}") = "ssh_protocol", "protocols\ssh_protocol.vcproj", "{A8630794-5C8B-4B7F-AF1B-DF12FD6C397F}"
	ProjectSection(ProjectDependencies) = postProject
		{FE571818-1B67-41FB-B49D-850D650CF661} = {FE571818-1B67-41FB-B49D-850D650CF661}
		{BCF71D75-2C0F-4B0F-967E-20D2EE52AB08} = {BCF71D75-2C0F-4B0F-967E-20D2EE52AB08}
		{5F0B4A94-9332-45D5-881E-F9F4C4CD03F6} = {5F0B4A94-9332-45D5-881E-F9F4C4CD03F6}
	EndProjectSection
EndProject
Project("{8BC9CEB8-8B4A-11D0-8D11-00A0C91BC942}") = "plink", "plink\plink.vcproj", "{FE571818-1B67-41FB-B49D-850D650CF661}"
	ProjectSection(ProjectDependencies) = postProject
	EndProjectSection
EndProject
Project("{8BC9CEB8-8B4A-11D0-8D11-00A0C91BC942}") = "sserver_protocol", "protocols\sserver_protocol.vcproj", "{7B67F987-4BBB-4FD4-B537-77BF79ABD04F}"
	ProjectSection(ProjectDependencies) = postProject
		{BCF71D75-2C0F-4B0F-967E-20D2EE52AB08} = {BCF71D75-2C0F-4B0F-967E-20D2EE52AB08}
		{5F0B4A94-9332-45D5-881E-F9F4C4CD03F6} = {5F0B4A94-9332-45D5-881E-F9F4C4CD03F6}
	EndProjectSection
EndProject
Project("{8BC9CEB8-8B4A-11D0-8D11-00A0C91BC942}") = "co", "rcs\co.vcproj", "{433007AA-2C03-481D-B56B-5FA6840D343D}"
	ProjectSection(ProjectDependencies) = postProject
	EndProjectSection
EndProject
Project("{8BC9CEB8-8B4A-11D0-8D11-00A0C91BC942}") = "zlib", "zlib\win32\zlib.vcproj", "{2C1A99CD-4854-4064-9484-F1EB57F366E5}"
	ProjectSection(ProjectDependencies) = postProject
	EndProjectSection
EndProject
Project("{8BC9CEB8-8B4A-11D0-8D11-00A0C91BC942}") = "cvsdelta", "cvsdelta\cvsdelta.vcproj", "{6674B4DB-2A9A-4D36-B1B6-38796B6D4689}"
	ProjectSection(ProjectDependencies) = postProject
	EndProjectSection
EndProject
Project("{8BC9CEB8-8B4A-11D0-8D11-00A0C91BC942}") = "libsuid", "windows-NT\setuid\libsuid\libsuid.vcproj", "{C69895B2-28E6-4E13-BC48-D4BAED3DCC5A}"
	ProjectSection(ProjectDependencies) = postProject
	EndProjectSection
EndProject
Project("{8BC9CEB8-8B4A-11D0-8D11-00A0C91BC942}") = "setuid", "windows-NT\setuid\setuid\setuid.vcproj", "{E066EF1F-0DD5-4338-ABC9-C413A556AB0F}"
	ProjectSection(ProjectDependencies) = postProject
	EndProjectSection
EndProject
Project("{8BC9CEB8-8B4A-11D0-8D11-00A0C91BC942}") = "cvsagent", "cvsagent\win32\cvsagent.vcproj", "{A6BB2070-E9A8-442C-BC75-577EEE7382BA}"
	ProjectSection(ProjectDependencies) = postProject
		{E634DE84-6C6C-4111-90AF-CC9EE0BE9EC9} = {E634DE84-6C6C-4111-90AF-CC9EE0BE9EC9}
	EndProjectSection
EndProject
Project("{8BC9CEB8-8B4A-11D0-8D11-00A0C91BC942}") = "cvsdiag", "windows-NT\cvsdiag\cvsdiag.vcproj", "{CCE61C64-AC44-40E2-8E75-034C8F60834F}"
	ProjectSection(ProjectDependencies) = postProject
		{C69895B2-28E6-4E13-BC48-D4BAED3DCC5A} = {C69895B2-28E6-4E13-BC48-D4BAED3DCC5A}
	EndProjectSection
EndProject
Project("{8BC9CEB8-8B4A-11D0-8D11-00A0C91BC942}") = "su", "su\su.vcproj", "{3C61DD27-F69A-4444-A848-A3D98F22DCA8}"
	ProjectSection(ProjectDependencies) = postProject
		{C69895B2-28E6-4E13-BC48-D4BAED3DCC5A} = {C69895B2-28E6-4E13-BC48-D4BAED3DCC5A}
	EndProjectSection
EndProject
Project("{8BC9CEB8-8B4A-11D0-8D11-00A0C91BC942}") = "extnt", "extnt\extnt.vcproj", "{ADC6AA27-C931-4C72-934B-7C3E81929F07}"
	ProjectSection(ProjectDependencies) = postProject
		{BCF71D75-2C0F-4B0F-967E-20D2EE52AB08} = {BCF71D75-2C0F-4B0F-967E-20D2EE52AB08}
		{5F0B4A94-9332-45D5-881E-F9F4C4CD03F6} = {5F0B4A94-9332-45D5-881E-F9F4C4CD03F6}
	EndProjectSection
EndProject
Project("{8BC9CEB8-8B4A-11D0-8D11-00A0C91BC942}") = "cvscontrol", "control-panel\cvscontrol.vcproj", "{03C78F20-271D-4E1B-8440-255E4B2939F3}"
	ProjectSection(ProjectDependencies) = postProject
		{BCF71D75-2C0F-4B0F-967E-20D2EE52AB08} = {BCF71D75-2C0F-4B0F-967E-20D2EE52AB08}
		{BCF71D75-2C0F-4B0F-967E-20D2EE52AB08} = {BCF71D75-2C0F-4B0F-967E-20D2EE52AB08}
	EndProjectSection
EndProject
Project("{8BC9CEB8-8B4A-11D0-8D11-00A0C91BC942}") = "gnulib", "lib\gnulib.vcproj", "{2B05202E-5DD0-4543-99B9-188A23E8139D}"
	ProjectSection(ProjectDependencies) = postProject
	EndProjectSection
EndProject
Project("{8BC9CEB8-8B4A-11D0-8D11-00A0C91BC942}") = "cvsapi", "cvsapi\cvsapi.vcproj", "{BCF71D75-2C0F-4B0F-967E-20D2EE52AB08}"
	ProjectSection(ProjectDependencies) = postProject
		{61D75468-3718-47EE-BF14-7B1CA51BBAD6} = {61D75468-3718-47EE-BF14-7B1CA51BBAD6}
		{E634DE84-6C6C-4111-90AF-CC9EE0BE9EC9} = {E634DE84-6C6C-4111-90AF-CC9EE0BE9EC9}
		{A2BE1C87-2A3B-4252-A388-E19DB50ABA7B} = {A2BE1C87-2A3B-4252-A388-E19DB50ABA7B}
		{3623B3B4-90A1-4FC4-B0C3-98580C2A69DA} = {3623B3B4-90A1-4FC4-B0C3-98580C2A69DA}
		{91F671E4-7F2F-4F32-B905-A5A6D1622B9F} = {91F671E4-7F2F-4F32-B905-A5A6D1622B9F}
	EndProjectSection
EndProject
Project("{8BC9CEB8-8B4A-11D0-8D11-00A0C91BC942}") = "ext_xdiff", "xdiff\ext_xdiff.vcproj", "{4AD8AB20-D822-44E2-AEC1-E870140D254A}"
	ProjectSection(ProjectDependencies) = postProject
		{BCF71D75-2C0F-4B0F-967E-20D2EE52AB08} = {BCF71D75-2C0F-4B0F-967E-20D2EE52AB08}
	EndProjectSection
EndProject
Project("{8BC9CEB8-8B4A-11D0-8D11-00A0C91BC942}") = "xml_xdiff", "xdiff\xml_xdiff.vcproj", "{D8FDB582-57E3-40DE-9F35-9764EB1E4148}"
	ProjectSection(ProjectDependencies) = postProject
		{2B05202E-5DD0-4543-99B9-188A23E8139D} = {2B05202E-5DD0-4543-99B9-188A23E8139D}
		{5CD43033-B004-4886-8E4D-3A622A7AD677} = {5CD43033-B004-4886-8E4D-3A622A7AD677}
		{BCF71D75-2C0F-4B0F-967E-20D2EE52AB08} = {BCF71D75-2C0F-4B0F-967E-20D2EE52AB08}
	EndProjectSection
EndProject
Project("{8BC9CEB8-8B4A-11D0-8D11-00A0C91BC942}") = "genbuild", "genbuild\genbuild.vcproj", "{E634DE84-6C6C-4111-90AF-CC9EE0BE9EC9}"
	ProjectSection(ProjectDependencies) = postProject
	EndProjectSection
EndProject
Project("{8BC9CEB8-8B4A-11D0-8D11-00A0C91BC942}") = "info_triggers", "triggers\info_triggers.vcproj", "{B927591E-977E-41E9-A2A1-C701F39E426A}"
	ProjectSection(ProjectDependencies) = postProject
		{BCF71D75-2C0F-4B0F-967E-20D2EE52AB08} = {BCF71D75-2C0F-4B0F-967E-20D2EE52AB08}
		{5F0B4A94-9332-45D5-881E-F9F4C4CD03F6} = {5F0B4A94-9332-45D5-881E-F9F4C4CD03F6}
	EndProjectSection
EndProject
Project("{8BC9CEB8-8B4A-11D0-8D11-00A0C91BC942}") = "cvsgui", "cvsgui\cvsgui.vcproj", "{EDF87796-6F09-4C8A-8202-77ADDB81284B}"
	ProjectSection(ProjectDependencies) = postProject
	EndProjectSection
EndProject
Project("{8BC9CEB8-8B4A-11D0-8D11-00A0C91BC942}") = "pcre", "pcre\pcre.vcproj", "{61D75468-3718-47EE-BF14-7B1CA51BBAD6}"
	ProjectSection(ProjectDependencies) = postProject
	EndProjectSection
EndProject
Project("{8BC9CEB8-8B4A-11D0-8D11-00A0C91BC942}") = "script_trigger", "triggers\script_trigger.vcproj", "{A5EFF26A-60FC-42D4-AB5C-E4159E5672AE}"
	ProjectSection(ProjectDependencies) = postProject
		{BCF71D75-2C0F-4B0F-967E-20D2EE52AB08} = {BCF71D75-2C0F-4B0F-967E-20D2EE52AB08}
		{5F0B4A94-9332-45D5-881E-F9F4C4CD03F6} = {5F0B4A94-9332-45D5-881E-F9F4C4CD03F6}
	EndProjectSection
EndProject
Project("{8BC9CEB8-8B4A-11D0-8D11-00A0C91BC942}") = "enum_protocol", "protocols\enum_protocol.vcproj", "{2F90C820-CD6E-4BA2-A6A1-339147E508AA}"
	ProjectSection(ProjectDependencies) = postProject
		{BCF71D75-2C0F-4B0F-967E-20D2EE52AB08} = {BCF71D75-2C0F-4B0F-967E-20D2EE52AB08}
		{5F0B4A94-9332-45D5-881E-F9F4C4CD03F6} = {5F0B4A94-9332-45D5-881E-F9F4C4CD03F6}
	EndProjectSection
EndProject
Project("{8BC9CEB8-8B4A-11D0-8D11-00A0C91BC942}") = "mdnsclient", "mdnsclient\mdnsclient.vcproj", "{3623B3B4-90A1-4FC4-B0C3-98580C2A69DA}"
	ProjectSection(ProjectDependencies) = postProject
	EndProjectSection
EndProject
Project("{8BC9CEB8-8B4A-11D0-8D11-00A0C91BC942}") = "email_trigger", "triggers\email_trigger.vcproj", "{CE1BF5E4-822E-49BB-ACD6-3251CE7D0B67}"
	ProjectSection(ProjectDependencies) = postProject
		{BCF71D75-2C0F-4B0F-967E-20D2EE52AB08} = {BCF71D75-2C0F-4B0F-967E-20D2EE52AB08}
		{5F0B4A94-9332-45D5-881E-F9F4C4CD03F6} = {5F0B4A94-9332-45D5-881E-F9F4C4CD03F6}
	EndProjectSection
EndProject
Project("{8BC9CEB8-8B4A-11D0-8D11-00A0C91BC942}") = "audit_trigger", "triggers\audit_trigger.vcproj", "{530EC8E4-2422-45EE-9289-0091A4E8E083}"
	ProjectSection(ProjectDependencies) = postProject
		{6F2B0E0E-C526-471D-9252-D325C5BAB036} = {6F2B0E0E-C526-471D-9252-D325C5BAB036}
		{1D73B118-7B9C-4B1B-A9AF-E386B35C4EE1} = {1D73B118-7B9C-4B1B-A9AF-E386B35C4EE1}
		{F624DF2B-5C4C-4FB6-B793-C06C96992589} = {F624DF2B-5C4C-4FB6-B793-C06C96992589}
		{25226834-3D40-47AC-8E05-17A8A7AF1773} = {25226834-3D40-47AC-8E05-17A8A7AF1773}
		{BCF71D75-2C0F-4B0F-967E-20D2EE52AB08} = {BCF71D75-2C0F-4B0F-967E-20D2EE52AB08}
		{5F0B4A94-9332-45D5-881E-F9F4C4CD03F6} = {5F0B4A94-9332-45D5-881E-F9F4C4CD03F6}
		{47F23DA3-701E-4773-9231-781E6FFF3CCA} = {47F23DA3-701E-4773-9231-781E6FFF3CCA}
		{FABD4AB4-2B79-476C-8A28-EA9406AFFB15} = {FABD4AB4-2B79-476C-8A28-EA9406AFFB15}
	EndProjectSection
EndProject
Project("{8BC9CEB8-8B4A-11D0-8D11-00A0C91BC942}") = "checkout_trigger", "triggers\checkout_trigger.vcproj", "{32F96195-E679-4DE4-8B8B-27D2A3CE1014}"
	ProjectSection(ProjectDependencies) = postProject
		{BCF71D75-2C0F-4B0F-967E-20D2EE52AB08} = {BCF71D75-2C0F-4B0F-967E-20D2EE52AB08}
		{5F0B4A94-9332-45D5-881E-F9F4C4CD03F6} = {5F0B4A94-9332-45D5-881E-F9F4C4CD03F6}
	EndProjectSection
EndProject
Project("{8BC9CEB8-8B4A-11D0-8D11-00A0C91BC942}") = "cvstools", "cvstools\cvstools.vcproj", "{5F0B4A94-9332-45D5-881E-F9F4C4CD03F6}"
	ProjectSection(ProjectDependencies) = postProject
		{BCF71D75-2C0F-4B0F-967E-20D2EE52AB08} = {BCF71D75-2C0F-4B0F-967E-20D2EE52AB08}
		{EDF87796-6F09-4C8A-8202-77ADDB81284B} = {EDF87796-6F09-4C8A-8202-77ADDB81284B}
	EndProjectSection
EndProject
Project("{8BC9CEB8-8B4A-11D0-8D11-00A0C91BC942}") = "simcvs", "simcvs\simcvs.vcproj", "{A23EC62C-E9C4-4145-B953-90D533CDF47B}"
	ProjectSection(ProjectDependencies) = postProject
	EndProjectSection
EndProject
Project("{8BC9CEB8-8B4A-11D0-8D11-00A0C91BC942}") = "rcsdiff", "rcs\rcsdiff.vcproj", "{45866BA8-03B2-40FC-9CA5-1BB7A17B10A1}"
	ProjectSection(ProjectDependencies) = postProject
	EndProjectSection
EndProject
Project("{8BC9CEB8-8B4A-11D0-8D11-00A0C91BC942}") = "rlog", "rcs\rlog.vcproj", "{9E7B849C-CB9C-499B-B2B2-ECA70C5784D2}"
	ProjectSection(ProjectDependencies) = postProject
	EndProjectSection
EndProject
Project("{8BC9CEB8-8B4A-11D0-8D11-00A0C91BC942}") = "genkey", "genkey\genkey.vcproj", "{C2CD3641-0F72-4C10-852B-CAA694D28E86}"
	ProjectSection(ProjectDependencies) = postProject
	EndProjectSection
EndProject
Project("{8BC9CEB8-8B4A-11D0-8D11-00A0C91BC942}") = "uninsthlp", "uninsthlp\uninsthlp.vcproj", "{84E063F1-80EF-432B-93A3-90C3159F16DE}"
	ProjectSection(ProjectDependencies) = postProject
	EndProjectSection
EndProject
Project("{8BC9CEB8-8B4A-11D0-8D11-00A0C91BC942}") = "db2_database", "cvsapi\db\db2\db2_database.vcproj", "{47F23DA3-701E-4773-9231-781E6FFF3CCA}"
	ProjectSection(ProjectDependencies) = postProject
		{BCF71D75-2C0F-4B0F-967E-20D2EE52AB08} = {BCF71D75-2C0F-4B0F-967E-20D2EE52AB08}
	EndProjectSection
EndProject
Project("{8BC9CEB8-8B4A-11D0-8D11-00A0C91BC942}") = "mssql_database", "cvsapi\db\mssql\mssql_database.vcproj", "{6F2B0E0E-C526-471D-9252-D325C5BAB036}"
	ProjectSection(ProjectDependencies) = postProject
		{BCF71D75-2C0F-4B0F-967E-20D2EE52AB08} = {BCF71D75-2C0F-4B0F-967E-20D2EE52AB08}
	EndProjectSection
EndProject
Project("{8BC9CEB8-8B4A-11D0-8D11-00A0C91BC942}") = "mysql_database", "cvsapi\db\mysql\mysql_database.vcproj", "{1D73B118-7B9C-4B1B-A9AF-E386B35C4EE1}"
	ProjectSection(ProjectDependencies) = postProject
		{BCF71D75-2C0F-4B0F-967E-20D2EE52AB08} = {BCF71D75-2C0F-4B0F-967E-20D2EE52AB08}
	EndProjectSection
EndProject
Project("{8BC9CEB8-8B4A-11D0-8D11-00A0C91BC942}") = "odbc_database", "cvsapi\db\odbc\odbc_database.vcproj", "{F624DF2B-5C4C-4FB6-B793-C06C96992589}"
	ProjectSection(ProjectDependencies) = postProject
		{BCF71D75-2C0F-4B0F-967E-20D2EE52AB08} = {BCF71D75-2C0F-4B0F-967E-20D2EE52AB08}
	EndProjectSection
EndProject
Project("{8BC9CEB8-8B4A-11D0-8D11-00A0C91BC942}") = "postgres_database", "cvsapi\db\postgres\postgres_database.vcproj", "{25226834-3D40-47AC-8E05-17A8A7AF1773}"
	ProjectSection(ProjectDependencies) = postProject
		{BCF71D75-2C0F-4B0F-967E-20D2EE52AB08} = {BCF71D75-2C0F-4B0F-967E-20D2EE52AB08}
	EndProjectSection
EndProject
Project("{8BC9CEB8-8B4A-11D0-8D11-00A0C91BC942}") = "mdns_mini", "cvsapi\mdns\mini\mdns_mini.vcproj", "{D3CE7E0C-BA79-46DD-A495-6C14E38A9D87}"
	ProjectSection(ProjectDependencies) = postProject
		{BCF71D75-2C0F-4B0F-967E-20D2EE52AB08} = {BCF71D75-2C0F-4B0F-967E-20D2EE52AB08}
		{3623B3B4-90A1-4FC4-B0C3-98580C2A69DA} = {3623B3B4-90A1-4FC4-B0C3-98580C2A69DA}
	EndProjectSection
EndProject
Project("{8BC9CEB8-8B4A-11D0-8D11-00A0C91BC942}") = "mdns_apple", "cvsapi\mdns\apple\mdns_apple.vcproj", "{A87170B9-C98D-49B1-A54F-EE38DDAFA1DF}"
	ProjectSection(ProjectDependencies) = postProject
		{BCF71D75-2C0F-4B0F-967E-20D2EE52AB08} = {BCF71D75-2C0F-4B0F-967E-20D2EE52AB08}
	EndProjectSection
EndProject
Project("{8BC9CEB8-8B4A-11D0-8D11-00A0C91BC942}") = "sqlite_database", "cvsapi\db\sqlite\sqlite_database.vcproj", "{FABD4AB4-2B79-476C-8A28-EA9406AFFB15}"
	ProjectSection(ProjectDependencies) = postProject
		{BCF71D75-2C0F-4B0F-967E-20D2EE52AB08} = {BCF71D75-2C0F-4B0F-967E-20D2EE52AB08}
	EndProjectSection
EndProject
Project("{8BC9CEB8-8B4A-11D0-8D11-00A0C91BC942}") = "oracle_database", "cvsapi\db\oracle\oracle_database.vcproj", "{EF4BB4FE-7E5C-462A-A5AC-F6D17BCF7A07}"
	ProjectSection(ProjectDependencies) = postProject
		{BCF71D75-2C0F-4B0F-967E-20D2EE52AB08} = {BCF71D75-2C0F-4B0F-967E-20D2EE52AB08}
	EndProjectSection
EndProject
Project("{8BC9CEB8-8B4A-11D0-8D11-00A0C91BC942}") = "sync_protocol", "protocols\sync.vcproj", "{2897B8BC-72AC-4F22-8443-EB5CAAD67BFB}"
	ProjectSection(ProjectDependencies) = postProject
		{BCF71D75-2C0F-4B0F-967E-20D2EE52AB08} = {BCF71D75-2C0F-4B0F-967E-20D2EE52AB08}
		{5F0B4A94-9332-45D5-881E-F9F4C4CD03F6} = {5F0B4A94-9332-45D5-881E-F9F4C4CD03F6}
	EndProjectSection
EndProject
Project("{8BC9CEB8-8B4A-11D0-8D11-00A0C91BC942}") = "simcpl", "simcvs\simcpl.vcproj", "{543E4395-6BA3-47FE-862D-7D5D27B83D2A}"
	ProjectSection(ProjectDependencies) = postProject
	EndProjectSection
EndProject
Project("{8BC9CEB8-8B4A-11D0-8D11-00A0C91BC942}") = "installer", "windows-NT\installer\installer.vcproj", "{5D49CC40-A394-4779-95E4-578B243E0FA3}"
	ProjectSection(ProjectDependencies) = postProject
	EndProjectSection
EndProject
Project("{8BC9CEB8-8B4A-11D0-8D11-00A0C91BC942}") = "libxml2", "libxml\win32\libxml2.vcproj", "{A2BE1C87-2A3B-4252-A388-E19DB50ABA7B}"
	ProjectSection(ProjectDependencies) = postProject
	EndProjectSection
EndProject
Global
	GlobalSection(SourceCodeControl) = preSolution
		SccNumberOfProjects = 15
		SccProjectUniqueName0 = ufc-crypt\\crypt.vcproj
		SccProjectName0 = \u0022cvsnt\u0022\u0020::branch::CVSNT_2_0_x:1.1.4.11
		SccLocalPath0 = .
		SccProvider0 = MSSCCI:CVS\u0020Suite\u0020for\u0020CVSNT\u0020Server
		CanCheckoutShared = true
		SccProjectFilePathRelativizedFromConnection0 = ufc-crypt\\
		SccProjectUniqueName1 = cvsservice\\cvsservice.vcproj
		SccProjectName1 = \u0022cvsnt\u0022\u0020::branch::CVSNT_2_0_x:1.1.4.11
		SccLocalPath1 = .
		SccProvider1 = MSSCCI:CVS\u0020Suite\u0020for\u0020CVSNT\u0020Server
		CanCheckoutShared = true
		SccProjectFilePathRelativizedFromConnection1 = cvsservice\\
		SccProjectUniqueName2 = diff\\libdiff.vcproj
		SccProjectName2 = \u0022cvsnt\u0022\u0020::branch::CVSNT_2_0_x:1.1.4.11
		SccLocalPath2 = .
		SccProvider2 = MSSCCI:CVS\u0020Suite\u0020for\u0020CVSNT\u0020Server
		CanCheckoutShared = true
		SccProjectFilePathRelativizedFromConnection2 = diff\\
		SccProjectUniqueName3 = postinst\\postinst.vcproj
		SccProjectName3 = \u0022cvsnt\u0022\u0020::branch::CVSNT_2_0_x:1.1.4.11
		SccLocalPath3 = .
		SccProvider3 = MSSCCI:CVS\u0020Suite\u0020for\u0020CVSNT\u0020Server
		CanCheckoutShared = true
		SccProjectFilePathRelativizedFromConnection3 = postinst\\
		SccProjectUniqueName4 = cvsntcpl\\cvsntcpl.vcproj
		SccProjectName4 = \u0022cvsnt\u0022\u0020::branch::CVSNT_2_0_x:1.1.4.11
		SccLocalPath4 = .
		SccProvider4 = MSSCCI:CVS\u0020Suite\u0020for\u0020CVSNT\u0020Server
		CanCheckoutShared = true
		SccProjectFilePathRelativizedFromConnection4 = cvsntcpl\\
		SccProjectUniqueName5 = lockservice\\lockservice.vcproj
		SccProjectName5 = \u0022cvsnt\u0022\u0020::branch::CVSNT_2_0_x:1.1.4.11
		SccLocalPath5 = .
		SccProvider5 = MSSCCI:CVS\u0020Suite\u0020for\u0020CVSNT\u0020Server
		CanCheckoutShared = true
		SccProjectFilePathRelativizedFromConnection5 = lockservice\\
		SccProjectUniqueName6 = windows-NT\\gss-ad\\gss-ad.vcproj
		SccProjectName6 = \u0022cvsnt\u0022\u0020::branch::CVSNT_2_0_x:1.1.4.11
		SccLocalPath6 = .
		SccProvider6 = MSSCCI:CVS\u0020Suite\u0020for\u0020CVSNT\u0020Server
		CanCheckoutShared = true
		SccProjectFilePathRelativizedFromConnection6 = windows-NT\\gss-ad\\
		SccProjectUniqueName7 = plink\\plink.vcproj
		SccProjectName7 = \u0022cvsnt\u0022\u0020::branch::CVSNT_2_0_x:1.1.4.11
		SccLocalPath7 = .
		SccProvider7 = MSSCCI:CVS\u0020Suite\u0020for\u0020CVSNT\u0020Server
		CanCheckoutShared = true
		SccProjectFilePathRelativizedFromConnection7 = plink\\
		SccProjectUniqueName8 = rcs\\co.vcproj
		SccProjectName8 = \u0022cvsnt\u0022\u0020::branch::CVSNT_2_0_x:1.1.4.11
		SccLocalPath8 = .
		SccProvider8 = MSSCCI:CVS\u0020Suite\u0020for\u0020CVSNT\u0020Server
		CanCheckoutShared = true
		SccProjectFilePathRelativizedFromConnection8 = rcs\\
		SccProjectUniqueName9 = zlib\\win32\\zlib.vcproj
		SccProjectName9 = \u0022cvsnt\u0022\u0020::branch::CVSNT_2_0_x:1.1.4.11
		SccLocalPath9 = .
		SccProvider9 = MSSCCI:CVS\u0020Suite\u0020for\u0020CVSNT\u0020Server
		CanCheckoutShared = true
		SccProjectFilePathRelativizedFromConnection9 = zlib\\win32\\
		SccProjectUniqueName10 = extnt\\extnt.vcproj
		SccProjectName10 = \u0022cvsnt\u0022\u0020::branch::CVSNT_2_0_x:1.1.4.11
		SccLocalPath10 = .
		SccProvider10 = MSSCCI:CVS\u0020Suite\u0020for\u0020CVSNT\u0020Server
		CanCheckoutShared = true
		SccProjectFilePathRelativizedFromConnection10 = extnt\\
		SccProjectUniqueName11 = rcs\\rcsdiff.vcproj
		SccProjectName11 = \u0022cvsnt\u0022\u0020::branch::CVSNT_2_0_x:1.1.4.11
		SccLocalPath11 = .
		SccProvider11 = MSSCCI:CVS\u0020Suite\u0020for\u0020CVSNT\u0020Server
		CanCheckoutShared = true
		SccProjectFilePathRelativizedFromConnection11 = rcs\\
		SccProjectUniqueName12 = rcs\\rlog.vcproj
		SccProjectName12 = \u0022cvsnt\u0022\u0020::branch::CVSNT_2_0_x:1.1.4.11
		SccLocalPath12 = .
		SccProvider12 = MSSCCI:CVS\u0020Suite\u0020for\u0020CVSNT\u0020Server
		CanCheckoutShared = true
		SccProjectFilePathRelativizedFromConnection12 = rcs\\
		SccProjectUniqueName13 = genkey\\genkey.vcproj
		SccProjectName13 = \u0022cvsnt\u0022\u0020::branch::CVSNT_2_0_x:1.1.4.11
		SccLocalPath13 = .
		SccProvider13 = MSSCCI:CVS\u0020Suite\u0020for\u0020CVSNT\u0020Server
		CanCheckoutShared = true
		SccProjectFilePathRelativizedFromConnection13 = genkey\\
		SccProjectUniqueName14 = uninsthlp\\uninsthlp.vcproj
		SccProjectName14 = \u0022cvsnt\u0022\u0020::branch::CVSNT_2_0_x:1.1.4.11
		SccLocalPath14 = .
		SccProvider14 = MSSCCI:CVS\u0020Suite\u0020for\u0020CVSNT\u0020Server
		CanCheckoutShared = true
		SccProjectFilePathRelativizedFromConnection14 = uninsthlp\\
	EndGlobalSection
	GlobalSection(SolutionConfiguration) = preSolution
		Debug = Debug
		Release = Release
	EndGlobalSection
	GlobalSection(ProjectConfiguration) = postSolution
		{91F671E4-7F2F-4F32-B905-A5A6D1622B9F}.Debug.ActiveCfg = Debug|Win32
		{91F671E4-7F2F-4F32-B905-A5A6D1622B9F}.Debug.Build.0 = Debug|Win32
		{91F671E4-7F2F-4F32-B905-A5A6D1622B9F}.Release.ActiveCfg = Release|Win32
		{91F671E4-7F2F-4F32-B905-A5A6D1622B9F}.Release.Build.0 = Release|Win32
		{43B8C2B3-0526-4121-91F8-F218ABC1D0C2}.Debug.ActiveCfg = Debug|Win32
		{43B8C2B3-0526-4121-91F8-F218ABC1D0C2}.Debug.Build.0 = Debug|Win32
		{43B8C2B3-0526-4121-91F8-F218ABC1D0C2}.Release.ActiveCfg = Release|Win32
		{43B8C2B3-0526-4121-91F8-F218ABC1D0C2}.Release.Build.0 = Release|Win32
		{F6DC1E90-8EFC-4D11-8D44-DAD00CF734DA}.Debug.ActiveCfg = Debug|Win32
		{F6DC1E90-8EFC-4D11-8D44-DAD00CF734DA}.Debug.Build.0 = Debug|Win32
		{F6DC1E90-8EFC-4D11-8D44-DAD00CF734DA}.Release.ActiveCfg = Release|Win32
		{F6DC1E90-8EFC-4D11-8D44-DAD00CF734DA}.Release.Build.0 = Release|Win32
		{00725064-BF63-4724-9FB4-740EABE62CEC}.Debug.ActiveCfg = Debug|Win32
		{00725064-BF63-4724-9FB4-740EABE62CEC}.Debug.Build.0 = Debug|Win32
		{00725064-BF63-4724-9FB4-740EABE62CEC}.Release.ActiveCfg = Release|Win32
		{00725064-BF63-4724-9FB4-740EABE62CEC}.Release.Build.0 = Release|Win32
		{5D695560-5DD9-4EF5-9B2E-D609D1A05324}.Debug.ActiveCfg = Debug|Win32
		{5D695560-5DD9-4EF5-9B2E-D609D1A05324}.Debug.Build.0 = Debug|Win32
		{5D695560-5DD9-4EF5-9B2E-D609D1A05324}.Release.ActiveCfg = Release|Win32
		{5D695560-5DD9-4EF5-9B2E-D609D1A05324}.Release.Build.0 = Release|Win32
		{5CD43033-B004-4886-8E4D-3A622A7AD677}.Debug.ActiveCfg = Debug|Win32
		{5CD43033-B004-4886-8E4D-3A622A7AD677}.Debug.Build.0 = Debug|Win32
		{5CD43033-B004-4886-8E4D-3A622A7AD677}.Release.ActiveCfg = Release|Win32
		{5CD43033-B004-4886-8E4D-3A622A7AD677}.Release.Build.0 = Release|Win32
		{E55F4833-F513-4F88-89AB-BCC2E39F81D8}.Debug.ActiveCfg = Debug|Win32
		{E55F4833-F513-4F88-89AB-BCC2E39F81D8}.Debug.Build.0 = Debug|Win32
		{E55F4833-F513-4F88-89AB-BCC2E39F81D8}.Release.ActiveCfg = Release|Win32
		{E55F4833-F513-4F88-89AB-BCC2E39F81D8}.Release.Build.0 = Release|Win32
		{68D18485-174E-46BB-A1FC-132DDCCC2EE0}.Debug.ActiveCfg = Debug|Win32
		{68D18485-174E-46BB-A1FC-132DDCCC2EE0}.Debug.Build.0 = Debug|Win32
		{68D18485-174E-46BB-A1FC-132DDCCC2EE0}.Release.ActiveCfg = Release|Win32
		{68D18485-174E-46BB-A1FC-132DDCCC2EE0}.Release.Build.0 = Release|Win32
		{AFF96908-CC5E-40D2-94FC-78090D420832}.Debug.ActiveCfg = Debug|Win32
		{AFF96908-CC5E-40D2-94FC-78090D420832}.Debug.Build.0 = Debug|Win32
		{AFF96908-CC5E-40D2-94FC-78090D420832}.Release.ActiveCfg = Release|Win32
		{AFF96908-CC5E-40D2-94FC-78090D420832}.Release.Build.0 = Release|Win32
		{EC35C4F3-4DC4-4B87-B884-9DAAA8398BD8}.Debug.ActiveCfg = Debug|Win32
		{EC35C4F3-4DC4-4B87-B884-9DAAA8398BD8}.Debug.Build.0 = Debug|Win32
		{EC35C4F3-4DC4-4B87-B884-9DAAA8398BD8}.Release.ActiveCfg = Release|Win32
		{EC35C4F3-4DC4-4B87-B884-9DAAA8398BD8}.Release.Build.0 = Release|Win32
		{44F87A6B-B243-4961-9236-2498E4695331}.Debug.ActiveCfg = Debug|Win32
		{44F87A6B-B243-4961-9236-2498E4695331}.Debug.Build.0 = Debug|Win32
		{44F87A6B-B243-4961-9236-2498E4695331}.Release.ActiveCfg = Release|Win32
		{44F87A6B-B243-4961-9236-2498E4695331}.Release.Build.0 = Release|Win32
		{C05BD8F3-7197-4B4B-9DFE-EB014490F51C}.Debug.ActiveCfg = Debug|Win32
		{C05BD8F3-7197-4B4B-9DFE-EB014490F51C}.Debug.Build.0 = Debug|Win32
		{C05BD8F3-7197-4B4B-9DFE-EB014490F51C}.Release.ActiveCfg = Release|Win32
		{C05BD8F3-7197-4B4B-9DFE-EB014490F51C}.Release.Build.0 = Release|Win32
		{44D20481-5119-4D1B-A194-A7B5AEF9C23C}.Debug.ActiveCfg = Debug|Win32
		{44D20481-5119-4D1B-A194-A7B5AEF9C23C}.Debug.Build.0 = Debug|Win32
		{44D20481-5119-4D1B-A194-A7B5AEF9C23C}.Release.ActiveCfg = Release|Win32
		{44D20481-5119-4D1B-A194-A7B5AEF9C23C}.Release.Build.0 = Release|Win32
		{6FED639C-5FE8-4FDF-ABE8-F720947AC9A1}.Debug.ActiveCfg = Debug|Win32
		{6FED639C-5FE8-4FDF-ABE8-F720947AC9A1}.Debug.Build.0 = Debug|Win32
		{6FED639C-5FE8-4FDF-ABE8-F720947AC9A1}.Release.ActiveCfg = Release|Win32
		{6FED639C-5FE8-4FDF-ABE8-F720947AC9A1}.Release.Build.0 = Release|Win32
		{A8630794-5C8B-4B7F-AF1B-DF12FD6C397F}.Debug.ActiveCfg = Debug|Win32
		{A8630794-5C8B-4B7F-AF1B-DF12FD6C397F}.Debug.Build.0 = Debug|Win32
		{A8630794-5C8B-4B7F-AF1B-DF12FD6C397F}.Release.ActiveCfg = Release|Win32
		{A8630794-5C8B-4B7F-AF1B-DF12FD6C397F}.Release.Build.0 = Release|Win32
		{FE571818-1B67-41FB-B49D-850D650CF661}.Debug.ActiveCfg = Debug|Win32
		{FE571818-1B67-41FB-B49D-850D650CF661}.Debug.Build.0 = Debug|Win32
		{FE571818-1B67-41FB-B49D-850D650CF661}.Release.ActiveCfg = Release|Win32
		{FE571818-1B67-41FB-B49D-850D650CF661}.Release.Build.0 = Release|Win32
		{7B67F987-4BBB-4FD4-B537-77BF79ABD04F}.Debug.ActiveCfg = Debug|Win32
		{7B67F987-4BBB-4FD4-B537-77BF79ABD04F}.Debug.Build.0 = Debug|Win32
		{7B67F987-4BBB-4FD4-B537-77BF79ABD04F}.Release.ActiveCfg = Release|Win32
		{7B67F987-4BBB-4FD4-B537-77BF79ABD04F}.Release.Build.0 = Release|Win32
		{433007AA-2C03-481D-B56B-5FA6840D343D}.Debug.ActiveCfg = Debug|Win32
		{433007AA-2C03-481D-B56B-5FA6840D343D}.Debug.Build.0 = Debug|Win32
		{433007AA-2C03-481D-B56B-5FA6840D343D}.Release.ActiveCfg = Release|Win32
		{433007AA-2C03-481D-B56B-5FA6840D343D}.Release.Build.0 = Release|Win32
		{2C1A99CD-4854-4064-9484-F1EB57F366E5}.Debug.ActiveCfg = Debug|Win32
		{2C1A99CD-4854-4064-9484-F1EB57F366E5}.Debug.Build.0 = Debug|Win32
		{2C1A99CD-4854-4064-9484-F1EB57F366E5}.Release.ActiveCfg = Release|Win32
		{2C1A99CD-4854-4064-9484-F1EB57F366E5}.Release.Build.0 = Release|Win32
		{6674B4DB-2A9A-4D36-B1B6-38796B6D4689}.Debug.ActiveCfg = Debug|Win32
		{6674B4DB-2A9A-4D36-B1B6-38796B6D4689}.Debug.Build.0 = Debug|Win32
		{6674B4DB-2A9A-4D36-B1B6-38796B6D4689}.Release.ActiveCfg = Release|Win32
		{6674B4DB-2A9A-4D36-B1B6-38796B6D4689}.Release.Build.0 = Release|Win32
		{C69895B2-28E6-4E13-BC48-D4BAED3DCC5A}.Debug.ActiveCfg = Debug|Win32
		{C69895B2-28E6-4E13-BC48-D4BAED3DCC5A}.Debug.Build.0 = Debug|Win32
		{C69895B2-28E6-4E13-BC48-D4BAED3DCC5A}.Release.ActiveCfg = Release|Win32
		{C69895B2-28E6-4E13-BC48-D4BAED3DCC5A}.Release.Build.0 = Release|Win32
		{E066EF1F-0DD5-4338-ABC9-C413A556AB0F}.Debug.ActiveCfg = Debug|Win32
		{E066EF1F-0DD5-4338-ABC9-C413A556AB0F}.Debug.Build.0 = Debug|Win32
		{E066EF1F-0DD5-4338-ABC9-C413A556AB0F}.Release.ActiveCfg = Release|Win32
		{E066EF1F-0DD5-4338-ABC9-C413A556AB0F}.Release.Build.0 = Release|Win32
		{A6BB2070-E9A8-442C-BC75-577EEE7382BA}.Debug.ActiveCfg = Debug|Win32
		{A6BB2070-E9A8-442C-BC75-577EEE7382BA}.Debug.Build.0 = Debug|Win32
		{A6BB2070-E9A8-442C-BC75-577EEE7382BA}.Release.ActiveCfg = Release|Win32
		{A6BB2070-E9A8-442C-BC75-577EEE7382BA}.Release.Build.0 = Release|Win32
		{CCE61C64-AC44-40E2-8E75-034C8F60834F}.Debug.ActiveCfg = Debug|Win32
		{CCE61C64-AC44-40E2-8E75-034C8F60834F}.Debug.Build.0 = Debug|Win32
		{CCE61C64-AC44-40E2-8E75-034C8F60834F}.Release.ActiveCfg = Release|Win32
		{CCE61C64-AC44-40E2-8E75-034C8F60834F}.Release.Build.0 = Release|Win32
		{3C61DD27-F69A-4444-A848-A3D98F22DCA8}.Debug.ActiveCfg = Debug|Win32
		{3C61DD27-F69A-4444-A848-A3D98F22DCA8}.Debug.Build.0 = Debug|Win32
		{3C61DD27-F69A-4444-A848-A3D98F22DCA8}.Release.ActiveCfg = Release|Win32
		{3C61DD27-F69A-4444-A848-A3D98F22DCA8}.Release.Build.0 = Release|Win32
		{ADC6AA27-C931-4C72-934B-7C3E81929F07}.Debug.ActiveCfg = Debug|Win32
		{ADC6AA27-C931-4C72-934B-7C3E81929F07}.Debug.Build.0 = Debug|Win32
		{ADC6AA27-C931-4C72-934B-7C3E81929F07}.Release.ActiveCfg = Release|Win32
		{ADC6AA27-C931-4C72-934B-7C3E81929F07}.Release.Build.0 = Release|Win32
		{03C78F20-271D-4E1B-8440-255E4B2939F3}.Debug.ActiveCfg = Debug|Win32
		{03C78F20-271D-4E1B-8440-255E4B2939F3}.Debug.Build.0 = Debug|Win32
		{03C78F20-271D-4E1B-8440-255E4B2939F3}.Release.ActiveCfg = Release|Win32
		{03C78F20-271D-4E1B-8440-255E4B2939F3}.Release.Build.0 = Release|Win32
		{2B05202E-5DD0-4543-99B9-188A23E8139D}.Debug.ActiveCfg = Debug|Win32
		{2B05202E-5DD0-4543-99B9-188A23E8139D}.Debug.Build.0 = Debug|Win32
		{2B05202E-5DD0-4543-99B9-188A23E8139D}.Release.ActiveCfg = Release|Win32
		{2B05202E-5DD0-4543-99B9-188A23E8139D}.Release.Build.0 = Release|Win32
		{BCF71D75-2C0F-4B0F-967E-20D2EE52AB08}.Debug.ActiveCfg = Debug|Win32
		{BCF71D75-2C0F-4B0F-967E-20D2EE52AB08}.Debug.Build.0 = Debug|Win32
		{BCF71D75-2C0F-4B0F-967E-20D2EE52AB08}.Release.ActiveCfg = Release|Win32
		{BCF71D75-2C0F-4B0F-967E-20D2EE52AB08}.Release.Build.0 = Release|Win32
		{4AD8AB20-D822-44E2-AEC1-E870140D254A}.Debug.ActiveCfg = Debug|Win32
		{4AD8AB20-D822-44E2-AEC1-E870140D254A}.Debug.Build.0 = Debug|Win32
		{4AD8AB20-D822-44E2-AEC1-E870140D254A}.Release.ActiveCfg = Release|Win32
		{4AD8AB20-D822-44E2-AEC1-E870140D254A}.Release.Build.0 = Release|Win32
		{D8FDB582-57E3-40DE-9F35-9764EB1E4148}.Debug.ActiveCfg = Debug|Win32
		{D8FDB582-57E3-40DE-9F35-9764EB1E4148}.Debug.Build.0 = Debug|Win32
		{D8FDB582-57E3-40DE-9F35-9764EB1E4148}.Release.ActiveCfg = Release|Win32
		{D8FDB582-57E3-40DE-9F35-9764EB1E4148}.Release.Build.0 = Release|Win32
		{E634DE84-6C6C-4111-90AF-CC9EE0BE9EC9}.Debug.ActiveCfg = Debug|Win32
		{E634DE84-6C6C-4111-90AF-CC9EE0BE9EC9}.Debug.Build.0 = Debug|Win32
		{E634DE84-6C6C-4111-90AF-CC9EE0BE9EC9}.Release.ActiveCfg = Release|Win32
		{E634DE84-6C6C-4111-90AF-CC9EE0BE9EC9}.Release.Build.0 = Release|Win32
		{B927591E-977E-41E9-A2A1-C701F39E426A}.Debug.ActiveCfg = Debug|Win32
		{B927591E-977E-41E9-A2A1-C701F39E426A}.Debug.Build.0 = Debug|Win32
		{B927591E-977E-41E9-A2A1-C701F39E426A}.Release.ActiveCfg = Release|Win32
		{B927591E-977E-41E9-A2A1-C701F39E426A}.Release.Build.0 = Release|Win32
		{EDF87796-6F09-4C8A-8202-77ADDB81284B}.Debug.ActiveCfg = Debug|Win32
		{EDF87796-6F09-4C8A-8202-77ADDB81284B}.Debug.Build.0 = Debug|Win32
		{EDF87796-6F09-4C8A-8202-77ADDB81284B}.Release.ActiveCfg = Release|Win32
		{EDF87796-6F09-4C8A-8202-77ADDB81284B}.Release.Build.0 = Release|Win32
		{61D75468-3718-47EE-BF14-7B1CA51BBAD6}.Debug.ActiveCfg = Debug|Win32
		{61D75468-3718-47EE-BF14-7B1CA51BBAD6}.Debug.Build.0 = Debug|Win32
		{61D75468-3718-47EE-BF14-7B1CA51BBAD6}.Release.ActiveCfg = Release|Win32
		{61D75468-3718-47EE-BF14-7B1CA51BBAD6}.Release.Build.0 = Release|Win32
		{A5EFF26A-60FC-42D4-AB5C-E4159E5672AE}.Debug.ActiveCfg = Debug|Win32
		{A5EFF26A-60FC-42D4-AB5C-E4159E5672AE}.Debug.Build.0 = Debug|Win32
		{A5EFF26A-60FC-42D4-AB5C-E4159E5672AE}.Release.ActiveCfg = Release|Win32
		{A5EFF26A-60FC-42D4-AB5C-E4159E5672AE}.Release.Build.0 = Release|Win32
		{2F90C820-CD6E-4BA2-A6A1-339147E508AA}.Debug.ActiveCfg = Debug|Win32
		{2F90C820-CD6E-4BA2-A6A1-339147E508AA}.Debug.Build.0 = Debug|Win32
		{2F90C820-CD6E-4BA2-A6A1-339147E508AA}.Release.ActiveCfg = Release|Win32
		{2F90C820-CD6E-4BA2-A6A1-339147E508AA}.Release.Build.0 = Release|Win32
		{3623B3B4-90A1-4FC4-B0C3-98580C2A69DA}.Debug.ActiveCfg = Debug|Win32
		{3623B3B4-90A1-4FC4-B0C3-98580C2A69DA}.Debug.Build.0 = Debug|Win32
		{3623B3B4-90A1-4FC4-B0C3-98580C2A69DA}.Release.ActiveCfg = Release|Win32
		{3623B3B4-90A1-4FC4-B0C3-98580C2A69DA}.Release.Build.0 = Release|Win32
		{CE1BF5E4-822E-49BB-ACD6-3251CE7D0B67}.Debug.ActiveCfg = Debug|Win32
		{CE1BF5E4-822E-49BB-ACD6-3251CE7D0B67}.Debug.Build.0 = Debug|Win32
		{CE1BF5E4-822E-49BB-ACD6-3251CE7D0B67}.Release.ActiveCfg = Release|Win32
		{CE1BF5E4-822E-49BB-ACD6-3251CE7D0B67}.Release.Build.0 = Release|Win32
		{530EC8E4-2422-45EE-9289-0091A4E8E083}.Debug.ActiveCfg = Debug|Win32
		{530EC8E4-2422-45EE-9289-0091A4E8E083}.Debug.Build.0 = Debug|Win32
		{530EC8E4-2422-45EE-9289-0091A4E8E083}.Release.ActiveCfg = Release|Win32
		{530EC8E4-2422-45EE-9289-0091A4E8E083}.Release.Build.0 = Release|Win32
		{32F96195-E679-4DE4-8B8B-27D2A3CE1014}.Debug.ActiveCfg = Debug|Win32
		{32F96195-E679-4DE4-8B8B-27D2A3CE1014}.Debug.Build.0 = Debug|Win32
		{32F96195-E679-4DE4-8B8B-27D2A3CE1014}.Release.ActiveCfg = Release|Win32
		{32F96195-E679-4DE4-8B8B-27D2A3CE1014}.Release.Build.0 = Release|Win32
		{5F0B4A94-9332-45D5-881E-F9F4C4CD03F6}.Debug.ActiveCfg = Debug|Win32
		{5F0B4A94-9332-45D5-881E-F9F4C4CD03F6}.Debug.Build.0 = Debug|Win32
		{5F0B4A94-9332-45D5-881E-F9F4C4CD03F6}.Release.ActiveCfg = Release|Win32
		{5F0B4A94-9332-45D5-881E-F9F4C4CD03F6}.Release.Build.0 = Release|Win32
		{A23EC62C-E9C4-4145-B953-90D533CDF47B}.Debug.ActiveCfg = Debug|Win32
		{A23EC62C-E9C4-4145-B953-90D533CDF47B}.Debug.Build.0 = Debug|Win32
		{A23EC62C-E9C4-4145-B953-90D533CDF47B}.Release.ActiveCfg = Release|Win32
		{A23EC62C-E9C4-4145-B953-90D533CDF47B}.Release.Build.0 = Release|Win32
		{45866BA8-03B2-40FC-9CA5-1BB7A17B10A1}.Debug.ActiveCfg = Debug|Win32
		{45866BA8-03B2-40FC-9CA5-1BB7A17B10A1}.Debug.Build.0 = Debug|Win32
		{45866BA8-03B2-40FC-9CA5-1BB7A17B10A1}.Release.ActiveCfg = Release|Win32
		{45866BA8-03B2-40FC-9CA5-1BB7A17B10A1}.Release.Build.0 = Release|Win32
		{9E7B849C-CB9C-499B-B2B2-ECA70C5784D2}.Debug.ActiveCfg = Debug|Win32
		{9E7B849C-CB9C-499B-B2B2-ECA70C5784D2}.Debug.Build.0 = Debug|Win32
		{9E7B849C-CB9C-499B-B2B2-ECA70C5784D2}.Release.ActiveCfg = Release|Win32
		{9E7B849C-CB9C-499B-B2B2-ECA70C5784D2}.Release.Build.0 = Release|Win32
		{C2CD3641-0F72-4C10-852B-CAA694D28E86}.Debug.ActiveCfg = Debug|Win32
		{C2CD3641-0F72-4C10-852B-CAA694D28E86}.Debug.Build.0 = Debug|Win32
		{C2CD3641-0F72-4C10-852B-CAA694D28E86}.Release.ActiveCfg = Release|Win32
		{C2CD3641-0F72-4C10-852B-CAA694D28E86}.Release.Build.0 = Release|Win32
		{84E063F1-80EF-432B-93A3-90C3159F16DE}.Debug.ActiveCfg = Debug|Win32
		{84E063F1-80EF-432B-93A3-90C3159F16DE}.Debug.Build.0 = Debug|Win32
		{84E063F1-80EF-432B-93A3-90C3159F16DE}.Release.ActiveCfg = Release|Win32
		{84E063F1-80EF-432B-93A3-90C3159F16DE}.Release.Build.0 = Release|Win32
		{47F23DA3-701E-4773-9231-781E6FFF3CCA}.Debug.ActiveCfg = Debug|Win32
		{47F23DA3-701E-4773-9231-781E6FFF3CCA}.Debug.Build.0 = Debug|Win32
		{47F23DA3-701E-4773-9231-781E6FFF3CCA}.Release.ActiveCfg = Release|Win32
		{47F23DA3-701E-4773-9231-781E6FFF3CCA}.Release.Build.0 = Release|Win32
		{6F2B0E0E-C526-471D-9252-D325C5BAB036}.Debug.ActiveCfg = Debug|Win32
		{6F2B0E0E-C526-471D-9252-D325C5BAB036}.Debug.Build.0 = Debug|Win32
		{6F2B0E0E-C526-471D-9252-D325C5BAB036}.Release.ActiveCfg = Release|Win32
		{6F2B0E0E-C526-471D-9252-D325C5BAB036}.Release.Build.0 = Release|Win32
		{1D73B118-7B9C-4B1B-A9AF-E386B35C4EE1}.Debug.ActiveCfg = Debug|Win32
		{1D73B118-7B9C-4B1B-A9AF-E386B35C4EE1}.Debug.Build.0 = Debug|Win32
		{1D73B118-7B9C-4B1B-A9AF-E386B35C4EE1}.Release.ActiveCfg = Release|Win32
		{1D73B118-7B9C-4B1B-A9AF-E386B35C4EE1}.Release.Build.0 = Release|Win32
		{F624DF2B-5C4C-4FB6-B793-C06C96992589}.Debug.ActiveCfg = Debug|Win32
		{F624DF2B-5C4C-4FB6-B793-C06C96992589}.Debug.Build.0 = Debug|Win32
		{F624DF2B-5C4C-4FB6-B793-C06C96992589}.Release.ActiveCfg = Release|Win32
		{F624DF2B-5C4C-4FB6-B793-C06C96992589}.Release.Build.0 = Release|Win32
		{25226834-3D40-47AC-8E05-17A8A7AF1773}.Debug.ActiveCfg = Debug|Win32
		{25226834-3D40-47AC-8E05-17A8A7AF1773}.Debug.Build.0 = Debug|Win32
		{25226834-3D40-47AC-8E05-17A8A7AF1773}.Release.ActiveCfg = Release|Win32
		{25226834-3D40-47AC-8E05-17A8A7AF1773}.Release.Build.0 = Release|Win32
		{D3CE7E0C-BA79-46DD-A495-6C14E38A9D87}.Debug.ActiveCfg = Debug|Win32
		{D3CE7E0C-BA79-46DD-A495-6C14E38A9D87}.Debug.Build.0 = Debug|Win32
		{D3CE7E0C-BA79-46DD-A495-6C14E38A9D87}.Release.ActiveCfg = Release|Win32
		{D3CE7E0C-BA79-46DD-A495-6C14E38A9D87}.Release.Build.0 = Release|Win32
		{A87170B9-C98D-49B1-A54F-EE38DDAFA1DF}.Debug.ActiveCfg = Debug|Win32
		{A87170B9-C98D-49B1-A54F-EE38DDAFA1DF}.Debug.Build.0 = Debug|Win32
		{A87170B9-C98D-49B1-A54F-EE38DDAFA1DF}.Release.ActiveCfg = Release|Win32
		{A87170B9-C98D-49B1-A54F-EE38DDAFA1DF}.Release.Build.0 = Release|Win32
		{FABD4AB4-2B79-476C-8A28-EA9406AFFB15}.Debug.ActiveCfg = Debug|Win32
		{FABD4AB4-2B79-476C-8A28-EA9406AFFB15}.Debug.Build.0 = Debug|Win32
		{FABD4AB4-2B79-476C-8A28-EA9406AFFB15}.Release.ActiveCfg = Release|Win32
		{FABD4AB4-2B79-476C-8A28-EA9406AFFB15}.Release.Build.0 = Release|Win32
		{EF4BB4FE-7E5C-462A-A5AC-F6D17BCF7A07}.Debug.ActiveCfg = Debug|Win32
		{EF4BB4FE-7E5C-462A-A5AC-F6D17BCF7A07}.Debug.Build.0 = Debug|Win32
		{EF4BB4FE-7E5C-462A-A5AC-F6D17BCF7A07}.Release.ActiveCfg = Release|Win32
		{EF4BB4FE-7E5C-462A-A5AC-F6D17BCF7A07}.Release.Build.0 = Release|Win32
		{2897B8BC-72AC-4F22-8443-EB5CAAD67BFB}.Debug.ActiveCfg = Debug|Win32
		{2897B8BC-72AC-4F22-8443-EB5CAAD67BFB}.Debug.Build.0 = Debug|Win32
		{2897B8BC-72AC-4F22-8443-EB5CAAD67BFB}.Release.ActiveCfg = Release|Win32
		{2897B8BC-72AC-4F22-8443-EB5CAAD67BFB}.Release.Build.0 = Release|Win32
		{543E4395-6BA3-47FE-862D-7D5D27B83D2A}.Debug.ActiveCfg = Debug|Win32
		{543E4395-6BA3-47FE-862D-7D5D27B83D2A}.Debug.Build.0 = Debug|Win32
		{543E4395-6BA3-47FE-862D-7D5D27B83D2A}.Release.ActiveCfg = Release|Win32
		{543E4395-6BA3-47FE-862D-7D5D27B83D2A}.Release.Build.0 = Release|Win32
		{5D49CC40-A394-4779-95E4-578B243E0FA3}.Debug.ActiveCfg = Debug|Win32
		{5D49CC40-A394-4779-95E4-578B243E0FA3}.Debug.Build.0 = Debug|Win32
		{5D49CC40-A394-4779-95E4-578B243E0FA3}.Release.ActiveCfg = Release|Win32
		{5D49CC40-A394-4779-95E4-578B243E0FA3}.Release.Build.0 = Release|Win32
		{A2BE1C87-2A3B-4252-A388-E19DB50ABA7B}.Debug.ActiveCfg = Debug|Win32
		{A2BE1C87-2A3B-4252-A388-E19DB50ABA7B}.Debug.Build.0 = Debug|Win32
		{A2BE1C87-2A3B-4252-A388-E19DB50ABA7B}.Release.ActiveCfg = Release|Win32
		{A2BE1C87-2A3B-4252-A388-E19DB50ABA7B}.Release.Build.0 = Release|Win32
	EndGlobalSection
	GlobalSection(ExtensibilityGlobals) = postSolution
	EndGlobalSection
	GlobalSection(ExtensibilityAddIns) = postSolution
	EndGlobalSection
	GlobalSection(SolutionConfigurationPlatforms) = preSolution
		Debug|Win32 = Debug|Win32
		Release|Win32 = Release|Win32
	EndGlobalSection
	GlobalSection(ProjectConfigurationPlatforms) = postSolution
		{91F671E4-7F2F-4F32-B905-A5A6D1622B9F}.Debug|Win32.ActiveCfg = Debug|Win32
		{91F671E4-7F2F-4F32-B905-A5A6D1622B9F}.Debug|Win32.Build.0 = Debug|Win32
		{91F671E4-7F2F-4F32-B905-A5A6D1622B9F}.Release|Win32.ActiveCfg = Release|Win32
		{91F671E4-7F2F-4F32-B905-A5A6D1622B9F}.Release|Win32.Build.0 = Release|Win32
		{A66D1177-64F6-45C4-B52D-601FF97B3B50}.Debug|Win32.ActiveCfg = Debug|Win32
		{A66D1177-64F6-45C4-B52D-601FF97B3B50}.Debug|Win32.Build.0 = Debug|Win32
		{A66D1177-64F6-45C4-B52D-601FF97B3B50}.Release|Win32.ActiveCfg = Release|Win32
		{A66D1177-64F6-45C4-B52D-601FF97B3B50}.Release|Win32.Build.0 = Release|Win32
		{43B8C2B3-0526-4121-91F8-F218ABC1D0C2}.Debug|Win32.ActiveCfg = Debug|Win32
		{43B8C2B3-0526-4121-91F8-F218ABC1D0C2}.Debug|Win32.Build.0 = Debug|Win32
		{43B8C2B3-0526-4121-91F8-F218ABC1D0C2}.Release|Win32.ActiveCfg = Release|Win32
		{43B8C2B3-0526-4121-91F8-F218ABC1D0C2}.Release|Win32.Build.0 = Release|Win32
		{F6DC1E90-8EFC-4D11-8D44-DAD00CF734DA}.Debug|Win32.ActiveCfg = Debug|Win32
		{F6DC1E90-8EFC-4D11-8D44-DAD00CF734DA}.Debug|Win32.Build.0 = Debug|Win32
		{F6DC1E90-8EFC-4D11-8D44-DAD00CF734DA}.Release|Win32.ActiveCfg = Release|Win32
		{F6DC1E90-8EFC-4D11-8D44-DAD00CF734DA}.Release|Win32.Build.0 = Release|Win32
		{00725064-BF63-4724-9FB4-740EABE62CEC}.Debug|Win32.ActiveCfg = Debug|Win32
		{00725064-BF63-4724-9FB4-740EABE62CEC}.Debug|Win32.Build.0 = Debug|Win32
		{00725064-BF63-4724-9FB4-740EABE62CEC}.Release|Win32.ActiveCfg = Release|Win32
		{00725064-BF63-4724-9FB4-740EABE62CEC}.Release|Win32.Build.0 = Release|Win32
		{5D695560-5DD9-4EF5-9B2E-D609D1A05324}.Debug|Win32.ActiveCfg = Debug|Win32
		{5D695560-5DD9-4EF5-9B2E-D609D1A05324}.Debug|Win32.Build.0 = Debug|Win32
		{5D695560-5DD9-4EF5-9B2E-D609D1A05324}.Release|Win32.ActiveCfg = Release|Win32
		{5D695560-5DD9-4EF5-9B2E-D609D1A05324}.Release|Win32.Build.0 = Release|Win32
		{5CD43033-B004-4886-8E4D-3A622A7AD677}.Debug|Win32.ActiveCfg = Debug|Win32
		{5CD43033-B004-4886-8E4D-3A622A7AD677}.Debug|Win32.Build.0 = Debug|Win32
		{5CD43033-B004-4886-8E4D-3A622A7AD677}.Release|Win32.ActiveCfg = Release|Win32
		{5CD43033-B004-4886-8E4D-3A622A7AD677}.Release|Win32.Build.0 = Release|Win32
		{E55F4833-F513-4F88-89AB-BCC2E39F81D8}.Debug|Win32.ActiveCfg = Debug|Win32
		{E55F4833-F513-4F88-89AB-BCC2E39F81D8}.Debug|Win32.Build.0 = Debug|Win32
		{E55F4833-F513-4F88-89AB-BCC2E39F81D8}.Release|Win32.ActiveCfg = Release|Win32
		{E55F4833-F513-4F88-89AB-BCC2E39F81D8}.Release|Win32.Build.0 = Release|Win32
		{68D18485-174E-46BB-A1FC-132DDCCC2EE0}.Debug|Win32.ActiveCfg = Debug|Win32
		{68D18485-174E-46BB-A1FC-132DDCCC2EE0}.Debug|Win32.Build.0 = Debug|Win32
		{68D18485-174E-46BB-A1FC-132DDCCC2EE0}.Release|Win32.ActiveCfg = Release|Win32
		{68D18485-174E-46BB-A1FC-132DDCCC2EE0}.Release|Win32.Build.0 = Release|Win32
		{AFF96908-CC5E-40D2-94FC-78090D420832}.Debug|Win32.ActiveCfg = Debug|Win32
		{AFF96908-CC5E-40D2-94FC-78090D420832}.Debug|Win32.Build.0 = Debug|Win32
		{AFF96908-CC5E-40D2-94FC-78090D420832}.Release|Win32.ActiveCfg = Release|Win32
		{AFF96908-CC5E-40D2-94FC-78090D420832}.Release|Win32.Build.0 = Release|Win32
		{EC35C4F3-4DC4-4B87-B884-9DAAA8398BD8}.Debug|Win32.ActiveCfg = Debug|Win32
		{EC35C4F3-4DC4-4B87-B884-9DAAA8398BD8}.Debug|Win32.Build.0 = Debug|Win32
		{EC35C4F3-4DC4-4B87-B884-9DAAA8398BD8}.Release|Win32.ActiveCfg = Release|Win32
		{EC35C4F3-4DC4-4B87-B884-9DAAA8398BD8}.Release|Win32.Build.0 = Release|Win32
		{44F87A6B-B243-4961-9236-2498E4695331}.Debug|Win32.ActiveCfg = Debug|Win32
		{44F87A6B-B243-4961-9236-2498E4695331}.Debug|Win32.Build.0 = Debug|Win32
		{44F87A6B-B243-4961-9236-2498E4695331}.Release|Win32.ActiveCfg = Release|Win32
		{44F87A6B-B243-4961-9236-2498E4695331}.Release|Win32.Build.0 = Release|Win32
		{C05BD8F3-7197-4B4B-9DFE-EB014490F51C}.Debug|Win32.ActiveCfg = Debug|Win32
		{C05BD8F3-7197-4B4B-9DFE-EB014490F51C}.Debug|Win32.Build.0 = Debug|Win32
		{C05BD8F3-7197-4B4B-9DFE-EB014490F51C}.Release|Win32.ActiveCfg = Release|Win32
		{C05BD8F3-7197-4B4B-9DFE-EB014490F51C}.Release|Win32.Build.0 = Release|Win32
		{44D20481-5119-4D1B-A194-A7B5AEF9C23C}.Debug|Win32.ActiveCfg = Debug|Win32
		{44D20481-5119-4D1B-A194-A7B5AEF9C23C}.Debug|Win32.Build.0 = Debug|Win32
		{44D20481-5119-4D1B-A194-A7B5AEF9C23C}.Release|Win32.ActiveCfg = Release|Win32
		{44D20481-5119-4D1B-A194-A7B5AEF9C23C}.Release|Win32.Build.0 = Release|Win32
		{6FED639C-5FE8-4FDF-ABE8-F720947AC9A1}.Debug|Win32.ActiveCfg = Debug|Win32
		{6FED639C-5FE8-4FDF-ABE8-F720947AC9A1}.Debug|Win32.Build.0 = Debug|Win32
		{6FED639C-5FE8-4FDF-ABE8-F720947AC9A1}.Release|Win32.ActiveCfg = Release|Win32
		{6FED639C-5FE8-4FDF-ABE8-F720947AC9A1}.Release|Win32.Build.0 = Release|Win32
		{A8630794-5C8B-4B7F-AF1B-DF12FD6C397F}.Debug|Win32.ActiveCfg = Debug|Win32
		{A8630794-5C8B-4B7F-AF1B-DF12FD6C397F}.Debug|Win32.Build.0 = Debug|Win32
		{A8630794-5C8B-4B7F-AF1B-DF12FD6C397F}.Release|Win32.ActiveCfg = Release|Win32
		{A8630794-5C8B-4B7F-AF1B-DF12FD6C397F}.Release|Win32.Build.0 = Release|Win32
		{FE571818-1B67-41FB-B49D-850D650CF661}.Debug|Win32.ActiveCfg = Debug|Win32
		{FE571818-1B67-41FB-B49D-850D650CF661}.Debug|Win32.Build.0 = Debug|Win32
		{FE571818-1B67-41FB-B49D-850D650CF661}.Release|Win32.ActiveCfg = Release|Win32
		{FE571818-1B67-41FB-B49D-850D650CF661}.Release|Win32.Build.0 = Release|Win32
		{7B67F987-4BBB-4FD4-B537-77BF79ABD04F}.Debug|Win32.ActiveCfg = Debug|Win32
		{7B67F987-4BBB-4FD4-B537-77BF79ABD04F}.Debug|Win32.Build.0 = Debug|Win32
		{7B67F987-4BBB-4FD4-B537-77BF79ABD04F}.Release|Win32.ActiveCfg = Release|Win32
		{7B67F987-4BBB-4FD4-B537-77BF79ABD04F}.Release|Win32.Build.0 = Release|Win32
		{433007AA-2C03-481D-B56B-5FA6840D343D}.Debug|Win32.ActiveCfg = Debug|Win32
		{433007AA-2C03-481D-B56B-5FA6840D343D}.Debug|Win32.Build.0 = Debug|Win32
		{433007AA-2C03-481D-B56B-5FA6840D343D}.Release|Win32.ActiveCfg = Release|Win32
		{433007AA-2C03-481D-B56B-5FA6840D343D}.Release|Win32.Build.0 = Release|Win32
		{2C1A99CD-4854-4064-9484-F1EB57F366E5}.Debug|Win32.ActiveCfg = Debug|Win32
		{2C1A99CD-4854-4064-9484-F1EB57F366E5}.Debug|Win32.Build.0 = Debug|Win32
		{2C1A99CD-4854-4064-9484-F1EB57F366E5}.Release|Win32.ActiveCfg = Release|Win32
		{2C1A99CD-4854-4064-9484-F1EB57F366E5}.Release|Win32.Build.0 = Release|Win32
		{6674B4DB-2A9A-4D36-B1B6-38796B6D4689}.Debug|Win32.ActiveCfg = Debug|Win32
		{6674B4DB-2A9A-4D36-B1B6-38796B6D4689}.Debug|Win32.Build.0 = Debug|Win32
		{6674B4DB-2A9A-4D36-B1B6-38796B6D4689}.Release|Win32.ActiveCfg = Release|Win32
		{6674B4DB-2A9A-4D36-B1B6-38796B6D4689}.Release|Win32.Build.0 = Release|Win32
		{C69895B2-28E6-4E13-BC48-D4BAED3DCC5A}.Debug|Win32.ActiveCfg = Debug|Win32
		{C69895B2-28E6-4E13-BC48-D4BAED3DCC5A}.Debug|Win32.Build.0 = Debug|Win32
		{C69895B2-28E6-4E13-BC48-D4BAED3DCC5A}.Release|Win32.ActiveCfg = Release|Win32
		{C69895B2-28E6-4E13-BC48-D4BAED3DCC5A}.Release|Win32.Build.0 = Release|Win32
		{E066EF1F-0DD5-4338-ABC9-C413A556AB0F}.Debug|Win32.ActiveCfg = Debug|Win32
		{E066EF1F-0DD5-4338-ABC9-C413A556AB0F}.Debug|Win32.Build.0 = Debug|Win32
		{E066EF1F-0DD5-4338-ABC9-C413A556AB0F}.Release|Win32.ActiveCfg = Release|Win32
		{E066EF1F-0DD5-4338-ABC9-C413A556AB0F}.Release|Win32.Build.0 = Release|Win32
		{A6BB2070-E9A8-442C-BC75-577EEE7382BA}.Debug|Win32.ActiveCfg = Debug|Win32
		{A6BB2070-E9A8-442C-BC75-577EEE7382BA}.Debug|Win32.Build.0 = Debug|Win32
		{A6BB2070-E9A8-442C-BC75-577EEE7382BA}.Release|Win32.ActiveCfg = Release|Win32
		{A6BB2070-E9A8-442C-BC75-577EEE7382BA}.Release|Win32.Build.0 = Release|Win32
		{CCE61C64-AC44-40E2-8E75-034C8F60834F}.Debug|Win32.ActiveCfg = Debug|Win32
		{CCE61C64-AC44-40E2-8E75-034C8F60834F}.Debug|Win32.Build.0 = Debug|Win32
		{CCE61C64-AC44-40E2-8E75-034C8F60834F}.Release|Win32.ActiveCfg = Release|Win32
		{CCE61C64-AC44-40E2-8E75-034C8F60834F}.Release|Win32.Build.0 = Release|Win32
		{3C61DD27-F69A-4444-A848-A3D98F22DCA8}.Debug|Win32.ActiveCfg = Debug|Win32
		{3C61DD27-F69A-4444-A848-A3D98F22DCA8}.Debug|Win32.Build.0 = Debug|Win32
		{3C61DD27-F69A-4444-A848-A3D98F22DCA8}.Release|Win32.ActiveCfg = Release|Win32
		{3C61DD27-F69A-4444-A848-A3D98F22DCA8}.Release|Win32.Build.0 = Release|Win32
		{ADC6AA27-C931-4C72-934B-7C3E81929F07}.Debug|Win32.ActiveCfg = Debug|Win32
		{ADC6AA27-C931-4C72-934B-7C3E81929F07}.Debug|Win32.Build.0 = Debug|Win32
		{ADC6AA27-C931-4C72-934B-7C3E81929F07}.Release|Win32.ActiveCfg = Release|Win32
		{ADC6AA27-C931-4C72-934B-7C3E81929F07}.Release|Win32.Build.0 = Release|Win32
		{03C78F20-271D-4E1B-8440-255E4B2939F3}.Debug|Win32.ActiveCfg = Debug|Win32
		{03C78F20-271D-4E1B-8440-255E4B2939F3}.Debug|Win32.Build.0 = Debug|Win32
		{03C78F20-271D-4E1B-8440-255E4B2939F3}.Release|Win32.ActiveCfg = Release|Win32
		{03C78F20-271D-4E1B-8440-255E4B2939F3}.Release|Win32.Build.0 = Release|Win32
		{2B05202E-5DD0-4543-99B9-188A23E8139D}.Debug|Win32.ActiveCfg = Debug|Win32
		{2B05202E-5DD0-4543-99B9-188A23E8139D}.Debug|Win32.Build.0 = Debug|Win32
		{2B05202E-5DD0-4543-99B9-188A23E8139D}.Release|Win32.ActiveCfg = Release|Win32
		{2B05202E-5DD0-4543-99B9-188A23E8139D}.Release|Win32.Build.0 = Release|Win32
		{BCF71D75-2C0F-4B0F-967E-20D2EE52AB08}.Debug|Win32.ActiveCfg = Debug|Win32
		{BCF71D75-2C0F-4B0F-967E-20D2EE52AB08}.Debug|Win32.Build.0 = Debug|Win32
		{BCF71D75-2C0F-4B0F-967E-20D2EE52AB08}.Release|Win32.ActiveCfg = Release|Win32
		{BCF71D75-2C0F-4B0F-967E-20D2EE52AB08}.Release|Win32.Build.0 = Release|Win32
		{4AD8AB20-D822-44E2-AEC1-E870140D254A}.Debug|Win32.ActiveCfg = Debug|Win32
		{4AD8AB20-D822-44E2-AEC1-E870140D254A}.Debug|Win32.Build.0 = Debug|Win32
		{4AD8AB20-D822-44E2-AEC1-E870140D254A}.Release|Win32.ActiveCfg = Release|Win32
		{4AD8AB20-D822-44E2-AEC1-E870140D254A}.Release|Win32.Build.0 = Release|Win32
		{D8FDB582-57E3-40DE-9F35-9764EB1E4148}.Debug|Win32.ActiveCfg = Debug|Win32
		{D8FDB582-57E3-40DE-9F35-9764EB1E4148}.Debug|Win32.Build.0 = Debug|Win32
		{D8FDB582-57E3-40DE-9F35-9764EB1E4148}.Release|Win32.ActiveCfg = Release|Win32
		{D8FDB582-57E3-40DE-9F35-9764EB1E4148}.Release|Win32.Build.0 = Release|Win32
		{E634DE84-6C6C-4111-90AF-CC9EE0BE9EC9}.Debug|Win32.ActiveCfg = Debug|Win32
		{E634DE84-6C6C-4111-90AF-CC9EE0BE9EC9}.Debug|Win32.Build.0 = Debug|Win32
		{E634DE84-6C6C-4111-90AF-CC9EE0BE9EC9}.Release|Win32.ActiveCfg = Release|Win32
		{E634DE84-6C6C-4111-90AF-CC9EE0BE9EC9}.Release|Win32.Build.0 = Release|Win32
		{B927591E-977E-41E9-A2A1-C701F39E426A}.Debug|Win32.ActiveCfg = Debug|Win32
		{B927591E-977E-41E9-A2A1-C701F39E426A}.Debug|Win32.Build.0 = Debug|Win32
		{B927591E-977E-41E9-A2A1-C701F39E426A}.Release|Win32.ActiveCfg = Release|Win32
		{B927591E-977E-41E9-A2A1-C701F39E426A}.Release|Win32.Build.0 = Release|Win32
		{EDF87796-6F09-4C8A-8202-77ADDB81284B}.Debug|Win32.ActiveCfg = Debug|Win32
		{EDF87796-6F09-4C8A-8202-77ADDB81284B}.Debug|Win32.Build.0 = Debug|Win32
		{EDF87796-6F09-4C8A-8202-77ADDB81284B}.Release|Win32.ActiveCfg = Release|Win32
		{EDF87796-6F09-4C8A-8202-77ADDB81284B}.Release|Win32.Build.0 = Release|Win32
		{61D75468-3718-47EE-BF14-7B1CA51BBAD6}.Debug|Win32.ActiveCfg = Debug|Win32
		{61D75468-3718-47EE-BF14-7B1CA51BBAD6}.Debug|Win32.Build.0 = Debug|Win32
		{61D75468-3718-47EE-BF14-7B1CA51BBAD6}.Release|Win32.ActiveCfg = Release|Win32
		{61D75468-3718-47EE-BF14-7B1CA51BBAD6}.Release|Win32.Build.0 = Release|Win32
		{A5EFF26A-60FC-42D4-AB5C-E4159E5672AE}.Debug|Win32.ActiveCfg = Debug|Win32
		{A5EFF26A-60FC-42D4-AB5C-E4159E5672AE}.Debug|Win32.Build.0 = Debug|Win32
		{A5EFF26A-60FC-42D4-AB5C-E4159E5672AE}.Release|Win32.ActiveCfg = Release|Win32
		{A5EFF26A-60FC-42D4-AB5C-E4159E5672AE}.Release|Win32.Build.0 = Release|Win32
		{2F90C820-CD6E-4BA2-A6A1-339147E508AA}.Debug|Win32.ActiveCfg = Debug|Win32
		{2F90C820-CD6E-4BA2-A6A1-339147E508AA}.Debug|Win32.Build.0 = Debug|Win32
		{2F90C820-CD6E-4BA2-A6A1-339147E508AA}.Release|Win32.ActiveCfg = Release|Win32
		{2F90C820-CD6E-4BA2-A6A1-339147E508AA}.Release|Win32.Build.0 = Release|Win32
		{3623B3B4-90A1-4FC4-B0C3-98580C2A69DA}.Debug|Win32.ActiveCfg = Debug|Win32
		{3623B3B4-90A1-4FC4-B0C3-98580C2A69DA}.Debug|Win32.Build.0 = Debug|Win32
		{3623B3B4-90A1-4FC4-B0C3-98580C2A69DA}.Release|Win32.ActiveCfg = Release|Win32
		{3623B3B4-90A1-4FC4-B0C3-98580C2A69DA}.Release|Win32.Build.0 = Release|Win32
		{CE1BF5E4-822E-49BB-ACD6-3251CE7D0B67}.Debug|Win32.ActiveCfg = Debug|Win32
		{CE1BF5E4-822E-49BB-ACD6-3251CE7D0B67}.Debug|Win32.Build.0 = Debug|Win32
		{CE1BF5E4-822E-49BB-ACD6-3251CE7D0B67}.Release|Win32.ActiveCfg = Release|Win32
		{CE1BF5E4-822E-49BB-ACD6-3251CE7D0B67}.Release|Win32.Build.0 = Release|Win32
		{530EC8E4-2422-45EE-9289-0091A4E8E083}.Debug|Win32.ActiveCfg = Debug|Win32
		{530EC8E4-2422-45EE-9289-0091A4E8E083}.Debug|Win32.Build.0 = Debug|Win32
		{530EC8E4-2422-45EE-9289-0091A4E8E083}.Release|Win32.ActiveCfg = Release|Win32
		{530EC8E4-2422-45EE-9289-0091A4E8E083}.Release|Win32.Build.0 = Release|Win32
		{32F96195-E679-4DE4-8B8B-27D2A3CE1014}.Debug|Win32.ActiveCfg = Debug|Win32
		{32F96195-E679-4DE4-8B8B-27D2A3CE1014}.Debug|Win32.Build.0 = Debug|Win32
		{32F96195-E679-4DE4-8B8B-27D2A3CE1014}.Release|Win32.ActiveCfg = Release|Win32
		{32F96195-E679-4DE4-8B8B-27D2A3CE1014}.Release|Win32.Build.0 = Release|Win32
		{5F0B4A94-9332-45D5-881E-F9F4C4CD03F6}.Debug|Win32.ActiveCfg = Debug|Win32
		{5F0B4A94-9332-45D5-881E-F9F4C4CD03F6}.Debug|Win32.Build.0 = Debug|Win32
		{5F0B4A94-9332-45D5-881E-F9F4C4CD03F6}.Release|Win32.ActiveCfg = Release|Win32
		{5F0B4A94-9332-45D5-881E-F9F4C4CD03F6}.Release|Win32.Build.0 = Release|Win32
		{A23EC62C-E9C4-4145-B953-90D533CDF47B}.Debug|Win32.ActiveCfg = Debug|Win32
		{A23EC62C-E9C4-4145-B953-90D533CDF47B}.Debug|Win32.Build.0 = Debug|Win32
		{A23EC62C-E9C4-4145-B953-90D533CDF47B}.Release|Win32.ActiveCfg = Release|Win32
		{A23EC62C-E9C4-4145-B953-90D533CDF47B}.Release|Win32.Build.0 = Release|Win32
		{45866BA8-03B2-40FC-9CA5-1BB7A17B10A1}.Debug|Win32.ActiveCfg = Debug|Win32
		{45866BA8-03B2-40FC-9CA5-1BB7A17B10A1}.Debug|Win32.Build.0 = Debug|Win32
		{45866BA8-03B2-40FC-9CA5-1BB7A17B10A1}.Release|Win32.ActiveCfg = Release|Win32
		{45866BA8-03B2-40FC-9CA5-1BB7A17B10A1}.Release|Win32.Build.0 = Release|Win32
		{9E7B849C-CB9C-499B-B2B2-ECA70C5784D2}.Debug|Win32.ActiveCfg = Debug|Win32
		{9E7B849C-CB9C-499B-B2B2-ECA70C5784D2}.Debug|Win32.Build.0 = Debug|Win32
		{9E7B849C-CB9C-499B-B2B2-ECA70C5784D2}.Release|Win32.ActiveCfg = Release|Win32
		{9E7B849C-CB9C-499B-B2B2-ECA70C5784D2}.Release|Win32.Build.0 = Release|Win32
		{C2CD3641-0F72-4C10-852B-CAA694D28E86}.Debug|Win32.ActiveCfg = Debug|Win32
		{C2CD3641-0F72-4C10-852B-CAA694D28E86}.Debug|Win32.Build.0 = Debug|Win32
		{C2CD3641-0F72-4C10-852B-CAA694D28E86}.Release|Win32.ActiveCfg = Release|Win32
		{C2CD3641-0F72-4C10-852B-CAA694D28E86}.Release|Win32.Build.0 = Release|Win32
		{84E063F1-80EF-432B-93A3-90C3159F16DE}.Debug|Win32.ActiveCfg = Debug|Win32
		{84E063F1-80EF-432B-93A3-90C3159F16DE}.Debug|Win32.Build.0 = Debug|Win32
		{84E063F1-80EF-432B-93A3-90C3159F16DE}.Release|Win32.ActiveCfg = Release|Win32
		{84E063F1-80EF-432B-93A3-90C3159F16DE}.Release|Win32.Build.0 = Release|Win32
		{47F23DA3-701E-4773-9231-781E6FFF3CCA}.Debug|Win32.ActiveCfg = Debug|Win32
		{47F23DA3-701E-4773-9231-781E6FFF3CCA}.Debug|Win32.Build.0 = Debug|Win32
		{47F23DA3-701E-4773-9231-781E6FFF3CCA}.Release|Win32.ActiveCfg = Release|Win32
		{47F23DA3-701E-4773-9231-781E6FFF3CCA}.Release|Win32.Build.0 = Release|Win32
		{6F2B0E0E-C526-471D-9252-D325C5BAB036}.Debug|Win32.ActiveCfg = Debug|Win32
		{6F2B0E0E-C526-471D-9252-D325C5BAB036}.Debug|Win32.Build.0 = Debug|Win32
		{6F2B0E0E-C526-471D-9252-D325C5BAB036}.Release|Win32.ActiveCfg = Release|Win32
		{6F2B0E0E-C526-471D-9252-D325C5BAB036}.Release|Win32.Build.0 = Release|Win32
		{1D73B118-7B9C-4B1B-A9AF-E386B35C4EE1}.Debug|Win32.ActiveCfg = Debug|Win32
		{1D73B118-7B9C-4B1B-A9AF-E386B35C4EE1}.Debug|Win32.Build.0 = Debug|Win32
		{1D73B118-7B9C-4B1B-A9AF-E386B35C4EE1}.Release|Win32.ActiveCfg = Release|Win32
		{1D73B118-7B9C-4B1B-A9AF-E386B35C4EE1}.Release|Win32.Build.0 = Release|Win32
		{F624DF2B-5C4C-4FB6-B793-C06C96992589}.Debug|Win32.ActiveCfg = Debug|Win32
		{F624DF2B-5C4C-4FB6-B793-C06C96992589}.Debug|Win32.Build.0 = Debug|Win32
		{F624DF2B-5C4C-4FB6-B793-C06C96992589}.Release|Win32.ActiveCfg = Release|Win32
		{F624DF2B-5C4C-4FB6-B793-C06C96992589}.Release|Win32.Build.0 = Release|Win32
		{25226834-3D40-47AC-8E05-17A8A7AF1773}.Debug|Win32.ActiveCfg = Debug|Win32
		{25226834-3D40-47AC-8E05-17A8A7AF1773}.Debug|Win32.Build.0 = Debug|Win32
		{25226834-3D40-47AC-8E05-17A8A7AF1773}.Release|Win32.ActiveCfg = Release|Win32
		{25226834-3D40-47AC-8E05-17A8A7AF1773}.Release|Win32.Build.0 = Release|Win32
		{D3CE7E0C-BA79-46DD-A495-6C14E38A9D87}.Debug|Win32.ActiveCfg = Debug|Win32
		{D3CE7E0C-BA79-46DD-A495-6C14E38A9D87}.Debug|Win32.Build.0 = Debug|Win32
		{D3CE7E0C-BA79-46DD-A495-6C14E38A9D87}.Release|Win32.ActiveCfg = Release|Win32
		{D3CE7E0C-BA79-46DD-A495-6C14E38A9D87}.Release|Win32.Build.0 = Release|Win32
		{A87170B9-C98D-49B1-A54F-EE38DDAFA1DF}.Debug|Win32.ActiveCfg = Debug|Win32
		{A87170B9-C98D-49B1-A54F-EE38DDAFA1DF}.Debug|Win32.Build.0 = Debug|Win32
		{A87170B9-C98D-49B1-A54F-EE38DDAFA1DF}.Release|Win32.ActiveCfg = Release|Win32
		{A87170B9-C98D-49B1-A54F-EE38DDAFA1DF}.Release|Win32.Build.0 = Release|Win32
		{FABD4AB4-2B79-476C-8A28-EA9406AFFB15}.Debug|Win32.ActiveCfg = Debug|Win32
		{FABD4AB4-2B79-476C-8A28-EA9406AFFB15}.Debug|Win32.Build.0 = Debug|Win32
		{FABD4AB4-2B79-476C-8A28-EA9406AFFB15}.Release|Win32.ActiveCfg = Release|Win32
		{FABD4AB4-2B79-476C-8A28-EA9406AFFB15}.Release|Win32.Build.0 = Release|Win32
		{EF4BB4FE-7E5C-462A-A5AC-F6D17BCF7A07}.Debug|Win32.ActiveCfg = Debug|Win32
		{EF4BB4FE-7E5C-462A-A5AC-F6D17BCF7A07}.Debug|Win32.Build.0 = Debug|Win32
		{EF4BB4FE-7E5C-462A-A5AC-F6D17BCF7A07}.Release|Win32.ActiveCfg = Release|Win32
		{EF4BB4FE-7E5C-462A-A5AC-F6D17BCF7A07}.Release|Win32.Build.0 = Release|Win32
		{2897B8BC-72AC-4F22-8443-EB5CAAD67BFB}.Debug|Win32.ActiveCfg = Debug|Win32
		{2897B8BC-72AC-4F22-8443-EB5CAAD67BFB}.Debug|Win32.Build.0 = Debug|Win32
		{2897B8BC-72AC-4F22-8443-EB5CAAD67BFB}.Release|Win32.ActiveCfg = Release|Win32
		{2897B8BC-72AC-4F22-8443-EB5CAAD67BFB}.Release|Win32.Build.0 = Release|Win32
	EndGlobalSection
	GlobalSection(SolutionProperties) = preSolution
		HideSolutionNode = FALSE
	EndGlobalSection
	GlobalSection(DPCodeReviewSolutionGUID) = preSolution
		DPCodeReviewSolutionGUID = {00000000-0000-0000-0000-000000000000}
	EndGlobalSection
EndGlobal
